<Solution>
  <Folder Name="/.github/">
    <File Path=".github/codeql.yml" />
    <File Path=".github/dependabot.yml" />
  </Folder>
  <Folder Name="/.github/workflows/">
    <File Path=".github/workflows/main_astar-dev.yml" />
  </Folder>
  <Folder Name="/Solution Items/">
    <File Path=".editorconfig" />
    <File Path="Directory.Build.props" />
  </Folder>
  <Folder Name="/Solution Items/test/">
    <File Path="test/.editorconfig" />
  </Folder>
  <Folder Name="/src/" />
  <Folder Name="/src/modules/">
    <Project Path="src/modules/AStar.Dev.FileServices.Common/AStar.Dev.FileServices.Common.csproj" />
    <Project Path="src/modules/migrations/AStar.Dev.FilesDb.MigrationService/AStar.Dev.FilesDb.MigrationService.csproj" />
  </Folder>
  <Folder Name="/src/modules/admin module/">
    <Project Path="src/modules/apis/AStar.Dev.Admin.Api/AStar.Dev.Admin.Api.csproj" />
  </Folder>
  <Folder Name="/src/modules/db updater module/">
    <Project Path="src/modules/astar-dev-database-updater/AStar.Dev.Database.Updater.Core/AStar.Dev.Database.Updater.Core.csproj" />
    <Project Path="src/modules/astar-dev-database-updater/AStar.Dev.Database.Updater/AStar.Dev.Database.Updater.csproj" />
  </Folder>
  <Folder Name="/src/modules/file classifications module/">
    <Project Path="src/modules/apis/AStar.Dev.Files.Classifications.Api/AStar.Dev.Files.Classifications.Api.csproj" />
  </Folder>
  <Folder Name="/src/modules/files module/">
    <Project Path="src/modules/apis/AStar.Dev.Files.Api/AStar.Dev.Files.Api.csproj" />
  </Folder>
  <Folder Name="/src/modules/images module/">
    <Project Path="src/modules/apis/AStar.Dev.Images.Api/AStar.Dev.Images.Api.csproj" />
  </Folder>
  <Folder Name="/src/modules/todo module/">
    <Project Path="src/modules/apis/AStar.Dev.ToDo.Api/AStar.Dev.ToDo.Api.csproj" />
  </Folder>
  <Folder Name="/src/modules/usage module/">
    <Project Path="src/nuget-packages/AStar.Dev.Api.Usage.Sdk/AStar.Dev.Api.Usage.Sdk.csproj" />
    <Project Path="src\nuget-packages\AStar.Dev.Usage.Api.Client.SDK\AStar.Dev.Usage.Api.Client.SDK.csproj" Type="C#" />
  </Folder>
  <Folder Name="/src/nuget-packages/">
    <Project Path="src/nuget-packages/AStar.Dev.Api.HealthChecks/AStar.Dev.Api.HealthChecks.csproj" />
    <Project Path="src/nuget-packages/AStar.Dev.AspNet.Extensions/AStar.Dev.AspNet.Extensions.csproj" />
    <Project Path="src/nuget-packages/AStar.Dev.Auth.Extensions/AStar.Dev.Auth.Extensions.csproj" />
    <Project Path="src/nuget-packages/AStar.Dev.Fluent.Assignments/AStar.Dev.Fluent.Assignments.csproj" />
    <Project Path="src/nuget-packages/AStar.Dev.Functional.Extensions/AStar.Dev.Functional.Extensions.csproj" />
    <Project Path="src/nuget-packages/AStar.Dev.Guard.Clauses/AStar.Dev.Guard.Clauses.csproj" />
    <Project Path="src/nuget-packages/AStar.Dev.Infrastructure.AdminDb/AStar.Dev.Infrastructure.AdminDb.csproj" />
    <Project Path="src/nuget-packages/AStar.Dev.Infrastructure.FilesDb/AStar.Dev.Infrastructure.FilesDb.csproj" />
    <Project Path="src/nuget-packages/AStar.Dev.Infrastructure.UsageDb/AStar.Dev.Infrastructure.UsageDb.csproj" />
    <Project Path="src/nuget-packages/AStar.Dev.Infrastructure/AStar.Dev.Infrastructure.csproj" />
    <Project Path="src/nuget-packages/AStar.Dev.Logging.Extensions/AStar.Dev.Logging.Extensions.csproj" />
    <Project Path="src/nuget-packages/AStar.Dev.Minimal.Api.Extensions/AStar.Dev.Minimal.Api.Extensions.csproj" />
    <Project Path="src/nuget-packages/AStar.Dev.Technical.Debt.Reporting/AStar.Dev.Technical.Debt.Reporting.csproj" />
    <Project Path="src/nuget-packages/AStar.Dev.Test.DbContext.Helpers/AStar.Dev.Test.DbContext.Helpers.csproj" />
    <Project Path="src/nuget-packages/AStar.Dev.Test.Helpers.Integration/AStar.Dev.Test.Helpers.Integration.csproj" />
    <Project Path="src/nuget-packages/AStar.Dev.Test.Helpers.Minimal.Api/AStar.Dev.Test.Helpers.Minimal.Api.csproj" />
    <Project Path="src/nuget-packages/AStar.Dev.Test.Helpers.Unit/AStar.Dev.Test.Helpers.Unit.csproj" />
    <Project Path="src/nuget-packages/AStar.Dev.Test.Helpers/AStar.Dev.Test.Helpers.csproj" />
    <Project Path="src/nuget-packages/AStar.Dev.Utilities/AStar.Dev.Utilities.csproj" />
  </Folder>
  <Folder Name="/src/source-generators/">
    <Project Path="src/source-generators/AStar.Dev.SourceGenerators/AStar.Dev.SourceGenerators.csproj" />
    <Project Path="src\source-generators\AStar.Dev.Annotations\AStar.Dev.Annotations.csproj" Type="Classic C#" />
  </Folder>
  <Folder Name="/src/uis/">
    <Project Path="src/uis/AStar.Dev.Web/AStar.Dev.Web.csproj" />
  </Folder>
  <Folder Name="/src/_aspire/">
    <Project Path="src/_aspire/AStar.Dev.AppHost/AStar.Dev.AppHost.csproj" />
    <Project Path="src/_aspire/AStar.Dev.Aspire.Common/AStar.Dev.Aspire.Common.csproj" />
    <Project Path="src/_aspire/AStar.Dev.ServiceDefaults/AStar.Dev.ServiceDefaults.csproj" />
  </Folder>
  <Folder Name="/test/">
    <Project Path="test/AStar.Dev.Tests.Architecture/AStar.Dev.Tests.Architecture.csproj" />
  </Folder>
  <Folder Name="/test/modules/">
    <Project Path="test/modules/AStar.Dev.Database.Updater.Core.Tests.Unit/AStar.Dev.Database.Updater.Core.Tests.Unit.csproj" />
    <Project Path="test/modules/AStar.Dev.Database.Updater.Tests.Integration/AStar.Dev.Database.Updater.Tests.Integration.csproj" />
    <Project Path="test/modules/AStar.Dev.Database.Updater.Tests.Unit/AStar.Dev.Database.Updater.Tests.Unit.csproj" />
  </Folder>
  <Folder Name="/test/modules/apis/">
    <Project Path="test/modules/apis/AStar.Dev.Admin.Api.Tests.EndToEnd/AStar.Dev.Admin.Api.Tests.EndToEnd.csproj" />
    <Project Path="test/modules/apis/AStar.Dev.Admin.Api.Tests.Integration/AStar.Dev.Admin.Api.Tests.Integration.csproj" />
    <Project Path="test/modules/apis/AStar.Dev.Admin.Api.Tests.Unit/AStar.Dev.Admin.Api.Tests.Unit.csproj" />
    <Project Path="test/modules/apis/AStar.Dev.Files.Api.Tests.EndToEnd/AStar.Dev.Files.Api.Tests.EndToEnd.csproj" />
    <Project Path="test/modules/apis/AStar.Dev.Files.Api.Tests.Integration/AStar.Dev.Files.Api.Tests.Integration.csproj" />
    <Project Path="test/modules/apis/AStar.Dev.Files.Api.Tests.Unit/AStar.Dev.Files.Api.Tests.Unit.csproj" />
    <Project Path="test/modules/apis/AStar.Dev.FileServices.Common.Tests.Unit/AStar.Dev.FileServices.Common.Tests.Unit.csproj" />
    <Project Path="test/modules/apis/AStar.Dev.Images.Api.Tests.EndToEnd/AStar.Dev.Images.Api.Tests.EndToEnd.csproj" />
    <Project Path="test/modules/apis/AStar.Dev.Images.Api.Tests.Integration/AStar.Dev.Images.Api.Tests.Integration.csproj" />
    <Project Path="test/modules/apis/AStar.Dev.Images.Api.Tests.Unit/AStar.Dev.Images.Api.Tests.Unit.csproj" />
  </Folder>
  <Folder Name="/test/modules/file classifications module/">
    <Project Path="test/modules/apis/AStar.Dev.Files.Classifications.Api.Tests.Unit/AStar.Dev.Files.Classifications.Api.Tests.Unit.csproj" />
  </Folder>
  <Folder Name="/test/nuget-packages/">
    <Project Path="test/nuget-packages/AStar.Dev.Api.HealthChecks.Tests.Unit/AStar.Dev.Api.HealthChecks.Tests.Unit.csproj" />
    <Project Path="test/nuget-packages/AStar.Dev.AspNet.Extensions.Tests.Unit/AStar.Dev.AspNet.Extensions.Tests.Unit.csproj" />
    <Project Path="test/nuget-packages/AStar.Dev.Fluent.Assignments.Tests.Unit/AStar.Dev.Fluent.Assignments.Tests.Unit.csproj" />
    <Project Path="test/nuget-packages/AStar.Dev.Functional.Extensions.Tests.Unit/AStar.Dev.Functional.Extensions.Tests.Unit.csproj" />
    <Project Path="test/nuget-packages/AStar.Dev.Guard.Clauses.Tests.Unit/AStar.Dev.Guard.Clauses.Tests.Unit.csproj" />
    <Project Path="test/nuget-packages/AStar.Dev.Infrastructure.AdminDb.Tests.Unit/AStar.Dev.Infrastructure.AdminDb.Tests.Unit.csproj" />
    <Project Path="test/nuget-packages/AStar.Dev.Infrastructure.FilesDb.Tests.Unit/AStar.Dev.Infrastructure.FilesDb.Tests.Unit.csproj" />
    <Project Path="test/nuget-packages/AStar.Dev.Infrastructure.Tests.Unit/AStar.Dev.Infrastructure.Tests.Unit.csproj" />
    <Project Path="test/nuget-packages/AStar.Dev.Logging.Extensions.Tests.Unit/AStar.Dev.Logging.Extensions.Tests.Unit.csproj" />
    <Project Path="test/nuget-packages/AStar.Dev.Technical.Debt.Reporting.Tests.Unit/AStar.Dev.Technical.Debt.Reporting.Tests.Unit.csproj" />
    <Project Path="test/nuget-packages/AStar.Dev.Test.Helpers.Integration.Tests.Unit/AStar.Dev.Test.Helpers.Integration.Tests.Unit.csproj" />
    <Project Path="test/nuget-packages/AStar.Dev.Test.Helpers.Tests.Unit.Unit/AStar.Dev.Test.Helpers.Tests.Unit.Unit.csproj" />
    <Project Path="test/nuget-packages/AStar.Dev.Test.Helpers.Tests.Unit/AStar.Dev.Test.Helpers.Tests.Unit.csproj" />
    <Project Path="test/nuget-packages/AStar.Dev.Utilities.Tests.Unit/AStar.Dev.Utilities.Tests.Unit.csproj" />
  </Folder>
  <Folder Name="/test/test-helpers/">
    <Project Path="test/test-helpers/AStar.Dev.TestHelpers/AStar.Dev.TestHelpers.csproj" />
  </Folder>
  <Folder Name="/test/uis/">
    <Project Path="test/uis/AStar.Dev.Web.UI.Tests.Integration/AStar.Dev.Web.UI.Tests.Integration.csproj" />
    <Project Path="test/uis/AStar.Dev.Web.UI.Tests.Unit/AStar.Dev.Web.UI.Tests.Unit.csproj" />
  </Folder>
  <Folder Name="/test/_aspire/">
    <Project Path="test/_aspire/AStar.Dev.AppHost.Configurations.Tests.Unit/AStar.Dev.AppHost.Configurations.Tests.Unit.csproj" />
    <Project Path="test/_aspire/AStar.Dev.ServiceDefaults.Tests.Unit/AStar.Dev.ServiceDefaults.Tests.Unit.csproj" />
  </Folder>
  <Folder Name="/_docs/">
    <File Path="blazor auth notes.md" />
  </Folder>
</Solution>