
Microsoft Visual Studio Solution File, Format Version 12.00
Project("{FAE04EC0-301F-11D3-BF4B-00C04F79EFBC}") = "AStar.Dev.AppHost", "src\_aspire\AStar.Dev.AppHost\AStar.Dev.AppHost.csproj", "{95CA9F54-6C9B-4394-B949-4899A4D815E5}"
EndProject
Project("{FAE04EC0-301F-11D3-BF4B-00C04F79EFBC}") = "AStar.Dev.ServiceDefaults", "src\_aspire\AStar.Dev.ServiceDefaults\AStar.Dev.ServiceDefaults.csproj", "{E4A8A101-E7A4-4938-B634-5F691D9AF6E8}"
EndProject
Project("{2150E333-8FDC-42A3-9474-1A3956D46DE8}") = "Solution Items", "Solution Items", "{08F8BC33-6FCA-4DB9-AB20-09D04C75A6C6}"
	ProjectSection(SolutionItems) = preProject
		.editorconfig = .editorconfig
	EndProjectSection
EndProject
Project("{2150E333-8FDC-42A3-9474-1A3956D46DE8}") = "src", "src", "{EF0D1378-2D70-40FA-B190-9F760C75D222}"
EndProject
Project("{2150E333-8FDC-42A3-9474-1A3956D46DE8}") = "tests", "tests", "{8D5AE22F-6ABF-4BC8-9B54-434ECB78A1F2}"
EndProject
Project("{2150E333-8FDC-42A3-9474-1A3956D46DE8}") = "_aspire", "_aspire", "{F9CAEEA8-9864-4F58-B848-B87E90EEA06A}"
EndProject
Project("{2150E333-8FDC-42A3-9474-1A3956D46DE8}") = "apis", "apis", "{33D3DA24-BB35-470F-B61D-2DA7FE128150}"
EndProject
Project("{2150E333-8FDC-42A3-9474-1A3956D46DE8}") = "console-applications", "console-applications", "{85FA4F4D-E4C7-4323-B02B-32E89F7A1727}"
EndProject
Project("{2150E333-8FDC-42A3-9474-1A3956D46DE8}") = "console-applications", "console-applications", "{23F62965-2FE9-4C84-A822-D8546C808189}"
EndProject
Project("{2150E333-8FDC-42A3-9474-1A3956D46DE8}") = "apis", "apis", "{210EC410-82F6-4636-AD43-6A0985A1C371}"
EndProject
Project("{2150E333-8FDC-42A3-9474-1A3956D46DE8}") = "nuget-packages", "nuget-packages", "{D2BE50A0-BD98-4A58-BF11-D33E3B06B39F}"
EndProject
Project("{2150E333-8FDC-42A3-9474-1A3956D46DE8}") = "nuget-packages", "nuget-packages", "{1EEB3A74-F9D6-4D87-AB68-0A4D854DE6E3}"
EndProject
Project("{2150E333-8FDC-42A3-9474-1A3956D46DE8}") = "_aspire", "_aspire", "{BCE7ABAF-843F-4325-9572-4DBF45267935}"
EndProject
Project("{2150E333-8FDC-42A3-9474-1A3956D46DE8}") = "services", "services", "{B9458F80-83C4-46F1-93B7-90216C438778}"
EndProject
Project("{2150E333-8FDC-42A3-9474-1A3956D46DE8}") = "services", "services", "{94F32B60-B5A7-450C-A7A7-04E48BECDC9D}"
EndProject
Project("{2150E333-8FDC-42A3-9474-1A3956D46DE8}") = "uis", "uis", "{4B538FC9-9393-4264-BB76-BE9A7BA907FD}"
EndProject
Project("{2150E333-8FDC-42A3-9474-1A3956D46DE8}") = "uis", "uis", "{8C8D9DF8-9C4B-43C9-A892-5F45F3696E84}"
EndProject
Project("{2150E333-8FDC-42A3-9474-1A3956D46DE8}") = ".github", ".github", "{F35C67CA-3A2C-40A5-9D21-EA941E0A4637}"
	ProjectSection(SolutionItems) = preProject
		.github\dependabot.yml = .github\dependabot.yml
	EndProjectSection
EndProject
Project("{2150E333-8FDC-42A3-9474-1A3956D46DE8}") = "workflows", "workflows", "{C1FCB194-54AD-46A1-B0DB-EA86A0C3A4ED}"
	ProjectSection(SolutionItems) = preProject
		.github\workflows\main_astar-dev.yml = .github\workflows\main_astar-dev.yml
	EndProjectSection
EndProject
Project("{FAE04EC0-301F-11D3-BF4B-00C04F79EFBC}") = "AStar.Dev.Admin.Api", "src\apis\AStar.Dev.Admin.Api\AStar.Dev.Admin.Api.csproj", "{FFE90D8C-BFBA-4DB0-885E-096B31E8AEFB}"
EndProject
Project("{FAE04EC0-301F-11D3-BF4B-00C04F79EFBC}") = "AStar.Dev.Files.Api", "src\apis\AStar.Dev.Files.Api\AStar.Dev.Files.Api.csproj", "{C5F64CB4-1FE9-4C94-A5A0-7F3BF2BE5604}"
EndProject
Project("{FAE04EC0-301F-11D3-BF4B-00C04F79EFBC}") = "AStar.Dev.Images.Api", "src\apis\AStar.Dev.Images.Api\AStar.Dev.Images.Api.csproj", "{0CF12CDC-C7E7-470C-A27C-E1286EFD7534}"
EndProject
Project("{FAE04EC0-301F-11D3-BF4B-00C04F79EFBC}") = "AStar.Dev.ToDo.Api", "src\apis\AStar.Dev.ToDo.Api\AStar.Dev.ToDo.Api.csproj", "{E1F1F384-4F6F-488E-BC63-DAFC967C7141}"
EndProject
Project("{2150E333-8FDC-42A3-9474-1A3956D46DE8}") = "astar-dev-backupapp", "astar-dev-backupapp", "{A5F64AAC-D08C-41BE-AB2E-6D4E7CAB373A}"
EndProject
Project("{FAE04EC0-301F-11D3-BF4B-00C04F79EFBC}") = "AStar.Dev.BackupApp", "src\console-applications\astar-dev-backupapp\AStar.Dev.BackupApp\AStar.Dev.BackupApp.csproj", "{5394127F-E9D4-4C35-A98E-F9AA8E516F5D}"
EndProject
Project("{FAE04EC0-301F-11D3-BF4B-00C04F79EFBC}") = "AStar.Dev.BackupApp.Core", "src\console-applications\astar-dev-backupapp\AStar.Dev.BackupApp.Core\AStar.Dev.BackupApp.Core.csproj", "{6ADB9A9F-BF44-4489-BCA8-E6F37897D80C}"
EndProject
Project("{FAE04EC0-301F-11D3-BF4B-00C04F79EFBC}") = "AStar.Dev.Admin.Api.Client.Sdk", "src\nuget-packages\AStar.Dev.Admin.Api.Client.Sdk\AStar.Dev.Admin.Api.Client.Sdk.csproj", "{E441BAFF-DC67-4D44-B750-6B793E89DAF5}"
EndProject
Project("{FAE04EC0-301F-11D3-BF4B-00C04F79EFBC}") = "AStar.Dev.Api.Client.Sdk.Shared", "src\nuget-packages\AStar.Dev.Api.Client.Sdk.Shared\AStar.Dev.Api.Client.Sdk.Shared.csproj", "{B1B6B9A8-E4E4-4F0B-8B77-4742A5FE9112}"
EndProject
Project("{FAE04EC0-301F-11D3-BF4B-00C04F79EFBC}") = "AStar.Dev.Api.HealthChecks", "src\nuget-packages\AStar.Dev.Api.HealthChecks\AStar.Dev.Api.HealthChecks.csproj", "{6173EEF2-437C-49AC-B228-4C569C8E8D52}"
EndProject
Project("{2150E333-8FDC-42A3-9474-1A3956D46DE8}") = "astar-dev-database-updater", "astar-dev-database-updater", "{28C47389-810F-4FB5-97C0-ACCCAFCCF5FF}"
EndProject
Project("{FAE04EC0-301F-11D3-BF4B-00C04F79EFBC}") = "AStar.Dev.Database.Updater", "src\services\astar-dev-database-updater\AStar.Dev.Database.Updater\AStar.Dev.Database.Updater.csproj", "{EBF2737E-A3F9-4861-999D-DFA6F9E34D6F}"
EndProject
Project("{FAE04EC0-301F-11D3-BF4B-00C04F79EFBC}") = "AStar.Dev.Database.Updater.Core", "src\services\astar-dev-database-updater\AStar.Dev.Database.Updater.Core\AStar.Dev.Database.Updater.Core.csproj", "{61B7C010-7BA0-4D0D-8708-34F4780CC4D0}"
EndProject
Project("{2150E333-8FDC-42A3-9474-1A3956D46DE8}") = "migrations", "migrations", "{8EC14338-77E7-4C13-BD34-98801BB2CC7F}"
EndProject
Project("{FAE04EC0-301F-11D3-BF4B-00C04F79EFBC}") = "AStar.Dev.FilesDb.MigrationService", "src\services\migrations\AStar.Dev.FilesDb.MigrationService\AStar.Dev.FilesDb.MigrationService.csproj", "{3816044A-8EFD-4101-8663-7683202ADF0D}"
EndProject
Project("{FAE04EC0-301F-11D3-BF4B-00C04F79EFBC}") = "AStar.Dev.Usage.Logger", "src\services\AStar.Dev.Usage.Logger\AStar.Dev.Usage.Logger.csproj", "{6D656389-7525-4A4E-8921-CFC9B711407F}"
EndProject
Project("{FAE04EC0-301F-11D3-BF4B-00C04F79EFBC}") = "AStar.Dev.Wallpaper.Scrapper", "src\services\AStar.Dev.Wallpaper.Scrapper\AStar.Dev.Wallpaper.Scrapper.csproj", "{A9210FD1-18EB-4D7E-A8FA-91BE38E22B38}"
EndProject
Project("{FAE04EC0-301F-11D3-BF4B-00C04F79EFBC}") = "AStar.Dev.Web", "src\uis\AStar.Dev.Web\AStar.Dev.Web.csproj", "{BD2491FA-348C-46CF-B119-FFF463FDB676}"
EndProject
Project("{FAE04EC0-301F-11D3-BF4B-00C04F79EFBC}") = "AStar.Dev.Aspire.Common", "src\_aspire\AStar.Dev.Aspire.Common\AStar.Dev.Aspire.Common.csproj", "{C8E16F69-33CD-4BA7-B941-A627BC940BDB}"
EndProject
Project("{FAE04EC0-301F-11D3-BF4B-00C04F79EFBC}") = "AStar.Dev.Api.Usage.Sdk", "src\nuget-packages\AStar.Dev.Api.Usage.Sdk\AStar.Dev.Api.Usage.Sdk.csproj", "{C01A34B0-B0D1-4C52-B17F-7605354F73B4}"
EndProject
Project("{FAE04EC0-301F-11D3-BF4B-00C04F79EFBC}") = "AStar.Dev.AspNet.Extensions", "src\nuget-packages\AStar.Dev.AspNet.Extensions\AStar.Dev.AspNet.Extensions.csproj", "{956F58EE-8569-475E-9D94-864F908F8C00}"
EndProject
Project("{FAE04EC0-301F-11D3-BF4B-00C04F79EFBC}") = "AStar.Dev.Auth.Extensions", "src\nuget-packages\AStar.Dev.Auth.Extensions\AStar.Dev.Auth.Extensions.csproj", "{F4B8F3DF-A722-4508-81BD-B39322FAE5E4}"
EndProject
Project("{FAE04EC0-301F-11D3-BF4B-00C04F79EFBC}") = "AStar.Dev.Fluent.Assignments", "src\nuget-packages\AStar.Dev.Fluent.Assignments\AStar.Dev.Fluent.Assignments.csproj", "{356B6946-EE29-4DD8-B914-FCF74FB1AD32}"
EndProject
Project("{FAE04EC0-301F-11D3-BF4B-00C04F79EFBC}") = "AStar.Dev.Guard.Clauses", "src\nuget-packages\AStar.Dev.Guard.Clauses\AStar.Dev.Guard.Clauses.csproj", "{01BCF8BD-E456-4B4E-82D1-1F97CF1E83EF}"
EndProject
Project("{FAE04EC0-301F-11D3-BF4B-00C04F79EFBC}") = "AStar.Dev.Files.Api.Client.Sdk", "src\nuget-packages\AStar.Dev.Files.Api.Client.Sdk\AStar.Dev.Files.Api.Client.Sdk.csproj", "{020F6D15-0731-4EAA-943E-F30186E060A0}"
EndProject
Project("{FAE04EC0-301F-11D3-BF4B-00C04F79EFBC}") = "AStar.Dev.Images.Api.Client.Sdk", "src\nuget-packages\AStar.Dev.Images.Api.Client.Sdk\AStar.Dev.Images.Api.Client.Sdk.csproj", "{1880BF15-7E79-4BA1-BA4B-82F3A9BF5643}"
EndProject
Project("{FAE04EC0-301F-11D3-BF4B-00C04F79EFBC}") = "AStar.Dev.Infrastructure", "src\nuget-packages\AStar.Dev.Infrastructure\AStar.Dev.Infrastructure.csproj", "{A799D0FA-4DBF-4405-98F0-D6F57A80E99F}"
EndProject
Project("{FAE04EC0-301F-11D3-BF4B-00C04F79EFBC}") = "AStar.Dev.Infrastructure.AdminDb", "src\nuget-packages\AStar.Dev.Infrastructure.AdminDb\AStar.Dev.Infrastructure.AdminDb.csproj", "{807514F8-C7F3-4A02-8088-C4BE01ECCF73}"
EndProject
Project("{FAE04EC0-301F-11D3-BF4B-00C04F79EFBC}") = "AStar.Dev.Infrastructure.FilesDb", "src\nuget-packages\AStar.Dev.Infrastructure.FilesDb\AStar.Dev.Infrastructure.FilesDb.csproj", "{A2E9BB56-6647-43EE-B78C-4B4AEE83D636}"
EndProject
Project("{FAE04EC0-301F-11D3-BF4B-00C04F79EFBC}") = "AStar.Dev.Infrastructure.UsageDb", "src\nuget-packages\AStar.Dev.Infrastructure.UsageDb\AStar.Dev.Infrastructure.UsageDb.csproj", "{EF73840C-31C9-472F-9F6A-11BAF52833D1}"
EndProject
Project("{FAE04EC0-301F-11D3-BF4B-00C04F79EFBC}") = "AStar.Dev.Logging.Extensions", "src\nuget-packages\AStar.Dev.Logging.Extensions\AStar.Dev.Logging.Extensions.csproj", "{F729915A-E860-474F-B2AB-BF8A3AE23BA9}"
EndProject
Project("{FAE04EC0-301F-11D3-BF4B-00C04F79EFBC}") = "AStar.Dev.Minimal.Api.Extensions", "src\nuget-packages\AStar.Dev.Minimal.Api.Extensions\AStar.Dev.Minimal.Api.Extensions.csproj", "{EBF0EFE0-2BD1-4D25-8275-CEEDD714B178}"
EndProject
Project("{FAE04EC0-301F-11D3-BF4B-00C04F79EFBC}") = "AStar.Dev.Restful.Root.Document", "src\nuget-packages\AStar.Dev.Restful.Root.Document\AStar.Dev.Restful.Root.Document.csproj", "{93EA0BF2-B604-462D-89B1-F17D372F6C8B}"
EndProject
Project("{FAE04EC0-301F-11D3-BF4B-00C04F79EFBC}") = "AStar.Dev.Technical.Debt.Reporting", "src\nuget-packages\AStar.Dev.Technical.Debt.Reporting\AStar.Dev.Technical.Debt.Reporting.csproj", "{21514333-ECE0-4CD4-B12D-654B234D809D}"
EndProject
Project("{FAE04EC0-301F-11D3-BF4B-00C04F79EFBC}") = "AStar.Dev.Test.Helpers", "src\nuget-packages\AStar.Dev.Test.Helpers\AStar.Dev.Test.Helpers.csproj", "{4650B1A6-6D36-467C-AAB2-3C2771633546}"
EndProject
Project("{FAE04EC0-301F-11D3-BF4B-00C04F79EFBC}") = "AStar.Dev.Test.Helpers.Integration", "src\nuget-packages\AStar.Dev.Test.Helpers.Integration\AStar.Dev.Test.Helpers.Integration.csproj", "{0117B757-025D-4423-8B31-E1474F45EA06}"
EndProject
Project("{FAE04EC0-301F-11D3-BF4B-00C04F79EFBC}") = "AStar.Dev.Test.Helpers.Minimal.Api", "src\nuget-packages\AStar.Dev.Test.Helpers.Minimal.Api\AStar.Dev.Test.Helpers.Minimal.Api.csproj", "{9DCAC5BB-7D45-483F-BC99-E73D946BC158}"
EndProject
Project("{FAE04EC0-301F-11D3-BF4B-00C04F79EFBC}") = "AStar.Dev.Test.Helpers.Unit", "src\nuget-packages\AStar.Dev.Test.Helpers.Unit\AStar.Dev.Test.Helpers.Unit.csproj", "{287D0803-C796-4C67-BBBE-F069477AE1C0}"
EndProject
Project("{FAE04EC0-301F-11D3-BF4B-00C04F79EFBC}") = "AStar.Dev.Usage.Api.Client.Sdk", "src\nuget-packages\AStar.Dev.Usage.Api.Client.Sdk\AStar.Dev.Usage.Api.Client.Sdk.csproj", "{47EEE84B-3D88-42BB-B582-550757278B1B}"
EndProject
Project("{FAE04EC0-301F-11D3-BF4B-00C04F79EFBC}") = "AStar.Dev.Utilities", "src\nuget-packages\AStar.Dev.Utilities\AStar.Dev.Utilities.csproj", "{A8C4D381-F425-482C-A9DB-C795EC0AD327}"
EndProject
Project("{FAE04EC0-301F-11D3-BF4B-00C04F79EFBC}") = "AStar.Dev.Admin.Api.Client.Sdk.Tests.Unit", "test\nuget-packages\AStar.Dev.Admin.Api.Client.Sdk.Tests.Unit\AStar.Dev.Admin.Api.Client.Sdk.Tests.Unit.csproj", "{56853145-19DD-48F5-9C5C-BDB86913AC2A}"
EndProject
Project("{FAE04EC0-301F-11D3-BF4B-00C04F79EFBC}") = "AStar.Dev.Api.HealthChecks.Tests.Unit", "test\nuget-packages\AStar.Dev.Api.HealthChecks.Tests.Unit\AStar.Dev.Api.HealthChecks.Tests.Unit.csproj", "{997404D1-DAA6-47DF-B6FD-1633BADE3E0B}"
EndProject
Project("{FAE04EC0-301F-11D3-BF4B-00C04F79EFBC}") = "AStar.Dev.AspNet.Extensions.Tests.Unit", "test\nuget-packages\AStar.Dev.AspNet.Extensions.Tests.Unit\AStar.Dev.AspNet.Extensions.Tests.Unit.csproj", "{5479FDF0-4E06-4F2D-B464-C8F678FD84F3}"
EndProject
Project("{FAE04EC0-301F-11D3-BF4B-00C04F79EFBC}") = "AStar.Dev.Files.Api.Client.Sdk.Tests.Unit", "test\nuget-packages\AStar.Dev.Files.Api.Client.Sdk.Tests.Unit\AStar.Dev.Files.Api.Client.Sdk.Tests.Unit.csproj", "{67A72A58-BF41-4209-9572-286E9424F3AF}"
EndProject
Project("{FAE04EC0-301F-11D3-BF4B-00C04F79EFBC}") = "AStar.Dev.Fluent.Assignments.Tests.Unit", "test\nuget-packages\AStar.Dev.Fluent.Assignments.Tests.Unit\AStar.Dev.Fluent.Assignments.Tests.Unit.csproj", "{A31CFD4D-F7B4-4374-8311-27C09C4E9866}"
EndProject
Project("{FAE04EC0-301F-11D3-BF4B-00C04F79EFBC}") = "AStar.Dev.Guard.Clauses.Tests.Unit", "test\nuget-packages\AStar.Dev.Guard.Clauses.Tests.Unit\AStar.Dev.Guard.Clauses.Tests.Unit.csproj", "{4DEFC2B4-F14F-43BE-8A4D-1D6B5085C0E0}"
EndProject
Project("{FAE04EC0-301F-11D3-BF4B-00C04F79EFBC}") = "AStar.Dev.Images.Api.Client.Sdk.Tests.Unit", "test\nuget-packages\AStar.Dev.Images.Api.Client.Sdk.Tests.Unit\AStar.Dev.Images.Api.Client.Sdk.Tests.Unit.csproj", "{C8E536D7-69CC-444E-A302-2363751ED807}"
EndProject
Project("{FAE04EC0-301F-11D3-BF4B-00C04F79EFBC}") = "AStar.Dev.Infrastructure.AdminDb.Tests.Unit", "test\nuget-packages\AStar.Dev.Infrastructure.AdminDb.Tests.Unit\AStar.Dev.Infrastructure.AdminDb.Tests.Unit.csproj", "{97D69502-3834-445B-8D96-8CB6E9CA6E73}"
EndProject
Project("{FAE04EC0-301F-11D3-BF4B-00C04F79EFBC}") = "AStar.Dev.Infrastructure.FilesDb.Tests.Unit", "test\nuget-packages\AStar.Dev.Infrastructure.FilesDb.Tests.Unit\AStar.Dev.Infrastructure.FilesDb.Tests.Unit.csproj", "{56CEAA56-7A23-40FF-ABA5-7D9769B44AA2}"
EndProject
Project("{FAE04EC0-301F-11D3-BF4B-00C04F79EFBC}") = "AStar.Dev.Infrastructure.Tests.Unit", "test\nuget-packages\AStar.Dev.Infrastructure.Tests.Unit\AStar.Dev.Infrastructure.Tests.Unit.csproj", "{2336D11A-BD7C-49D2-9CD7-CEC2D9830FA9}"
EndProject
Project("{FAE04EC0-301F-11D3-BF4B-00C04F79EFBC}") = "AStar.Dev.Logging.Extensions.Tests.Unit", "test\nuget-packages\AStar.Dev.Logging.Extensions.Tests.Unit\AStar.Dev.Logging.Extensions.Tests.Unit.csproj", "{AE2F75DF-8F3B-499E-B88C-0450E91536E4}"
EndProject
Project("{FAE04EC0-301F-11D3-BF4B-00C04F79EFBC}") = "AStar.Dev.Minimal.Api.Extensions.Tests.Unit", "test\nuget-packages\AStar.Dev.Minimal.Api.Extensions.Tests.Unit\AStar.Dev.Minimal.Api.Extensions.Tests.Unit.csproj", "{8835BE4E-2842-4195-AA6B-45B218047AE4}"
EndProject
Project("{FAE04EC0-301F-11D3-BF4B-00C04F79EFBC}") = "AStar.Dev.Restful.Root.Document.Tests.Unit", "test\nuget-packages\AStar.Dev.Restful.Root.Document.Tests.Unit\AStar.Dev.Restful.Root.Document.Tests.Unit.csproj", "{C054C44E-7A51-43DE-A7EA-0EC66332083A}"
EndProject
Project("{FAE04EC0-301F-11D3-BF4B-00C04F79EFBC}") = "AStar.Dev.Technical.Debt.Reporting.Tests.Unit", "test\nuget-packages\AStar.Dev.Technical.Debt.Reporting.Tests.Unit\AStar.Dev.Technical.Debt.Reporting.Tests.Unit.csproj", "{0039E4CE-7A1F-4587-A5AA-5914ACD9CE8E}"
EndProject
Project("{FAE04EC0-301F-11D3-BF4B-00C04F79EFBC}") = "AStar.Dev.Test.Helpers.Integration.Tests.Unit", "test\nuget-packages\AStar.Dev.Test.Helpers.Integration.Tests.Unit\AStar.Dev.Test.Helpers.Integration.Tests.Unit.csproj", "{7EEC6510-7155-48DF-9914-9B3D0688F03E}"
EndProject
Project("{FAE04EC0-301F-11D3-BF4B-00C04F79EFBC}") = "AStar.Dev.Test.Helpers.Minimal.Api.Tests.Unit", "test\nuget-packages\AStar.Dev.Test.Helpers.Minimal.Api.Tests.Unit\AStar.Dev.Test.Helpers.Minimal.Api.Tests.Unit.csproj", "{D364E302-B06B-496C-B784-748862F4D341}"
EndProject
Project("{FAE04EC0-301F-11D3-BF4B-00C04F79EFBC}") = "AStar.Dev.Test.Helpers.Tests.Unit", "test\nuget-packages\AStar.Dev.Test.Helpers.Tests.Unit\AStar.Dev.Test.Helpers.Tests.Unit.csproj", "{193477EB-27ED-4DE0-987D-DC437D42A6DF}"
EndProject
Project("{FAE04EC0-301F-11D3-BF4B-00C04F79EFBC}") = "AStar.Dev.Test.Helpers.Tests.Unit.Unit", "test\nuget-packages\AStar.Dev.Test.Helpers.Tests.Unit.Unit\AStar.Dev.Test.Helpers.Tests.Unit.Unit.csproj", "{24C2D089-7EBA-4D01-BA74-9C9C3404E8CE}"
EndProject
Project("{FAE04EC0-301F-11D3-BF4B-00C04F79EFBC}") = "AStar.Dev.Utilities.Tests.Unit", "test\nuget-packages\AStar.Dev.Utilities.Tests.Unit\AStar.Dev.Utilities.Tests.Unit.csproj", "{D8BABB4B-910B-484D-968A-AEC88D94DB6B}"
EndProject
Project("{FAE04EC0-301F-11D3-BF4B-00C04F79EFBC}") = "AStar.Dev.Api.Client.Sdk.Shared.Test.Unit", "test\nuget-packages\AStar.Dev.Api.Client.Sdk.Shared.Test.Unit\AStar.Dev.Api.Client.Sdk.Shared.Test.Unit.csproj", "{44A5C85D-AC43-4AA5-B8DD-88ADD197D962}"
EndProject
Project("{FAE04EC0-301F-11D3-BF4B-00C04F79EFBC}") = "AStar.Dev.Auth.Extensions.Tests.Unit", "test\nuget-packages\AStar.Dev.Auth.Extensions.Tests.Unit\AStar.Dev.Auth.Extensions.Tests.Unit.csproj", "{ABCF6EF9-A12B-4EB7-BC3B-C5FF4CD2AE91}"
EndProject
Project("{FAE04EC0-301F-11D3-BF4B-00C04F79EFBC}") = "AStar.Dev.Api.Usage.Sdk.Tests.Unit", "test\nuget-packages\AStar.Dev.Api.Usage.Sdk.Tests.Unit\AStar.Dev.Api.Usage.Sdk.Tests.Unit.csproj", "{6D31A9AF-1B53-4576-8BD6-C1C3E4CDF629}"
EndProject
Project("{FAE04EC0-301F-11D3-BF4B-00C04F79EFBC}") = "AStar.Dev.Infrastructure.UsageDb.Tests.Unit", "test\nuget-packages\AStar.Dev.Infrastructure.UsageDb.Tests.Unit\AStar.Dev.Infrastructure.UsageDb.Tests.Unit.csproj", "{F9C1CEE6-592D-4AC9-AB4C-9E68B79169D3}"
EndProject
Project("{FAE04EC0-301F-11D3-BF4B-00C04F79EFBC}") = "AStar.Dev.Usage.Api.Client.Sdk.Tests.Unit", "test\nuget-packages\AStar.Dev.Usage.Api.Client.Sdk.Tests.Unit\AStar.Dev.Usage.Api.Client.Sdk.Tests.Unit.csproj", "{03B1D09D-50DC-4B04-AA7B-FA7313135FD7}"
EndProject
Project("{2150E333-8FDC-42A3-9474-1A3956D46DE8}") = "AStar.Dev.Admin.Api", "AStar.Dev.Admin.Api", "{45478E4A-E75D-47EA-BFA1-9CF1F6505882}"
EndProject
Project("{FAE04EC0-301F-11D3-BF4B-00C04F79EFBC}") = "AStar.Dev.Admin.Api.Tests.EndToEnd", "test\apis\AStar.Dev.Admin.Api.Tests.EndToEnd\AStar.Dev.Admin.Api.Tests.EndToEnd.csproj", "{F5E30B54-5AA6-42EB-A3A4-2EA5C78BD9D2}"
EndProject
Project("{FAE04EC0-301F-11D3-BF4B-00C04F79EFBC}") = "AStar.Dev.Admin.Api.Tests.Integration", "test\apis\AStar.Dev.Admin.Api.Tests.Integration\AStar.Dev.Admin.Api.Tests.Integration.csproj", "{2A2EA8EA-9377-4A6B-93A4-4F4DD444BA2A}"
EndProject
Project("{FAE04EC0-301F-11D3-BF4B-00C04F79EFBC}") = "AStar.Dev.Admin.Api.Tests.Unit", "test\apis\AStar.Dev.Admin.Api.Tests.Unit\AStar.Dev.Admin.Api.Tests.Unit.csproj", "{E8AC57B5-1E38-46DB-B8E0-64FE6B5478E6}"
EndProject
Project("{2150E333-8FDC-42A3-9474-1A3956D46DE8}") = "AStar.Dev.Files.Api", "AStar.Dev.Files.Api", "{D2271432-7648-4160-B3CF-6ED3A429DFAA}"
EndProject
Project("{FAE04EC0-301F-11D3-BF4B-00C04F79EFBC}") = "AStar.Dev.Files.Api.Tests.EndToEnd", "test\apis\AStar.Dev.Files.Api.Tests.EndToEnd\AStar.Dev.Files.Api.Tests.EndToEnd.csproj", "{9FE514B2-6073-4B9D-B5D5-FAB80FB239BB}"
EndProject
Project("{FAE04EC0-301F-11D3-BF4B-00C04F79EFBC}") = "AStar.Dev.Files.Api.Tests.Integration", "test\apis\AStar.Dev.Files.Api.Tests.Integration\AStar.Dev.Files.Api.Tests.Integration.csproj", "{1F3BA111-0CEF-4A31-AE13-CA7A4BC6018A}"
EndProject
Project("{FAE04EC0-301F-11D3-BF4B-00C04F79EFBC}") = "AStar.Dev.Files.Api.Tests.Unit", "test\apis\AStar.Dev.Files.Api.Tests.Unit\AStar.Dev.Files.Api.Tests.Unit.csproj", "{EF111E13-2459-41FA-87F8-14BE23837899}"
EndProject
Project("{2150E333-8FDC-42A3-9474-1A3956D46DE8}") = "AStar.Dev.Images.Api", "AStar.Dev.Images.Api", "{576A0153-FB55-4A37-AA14-5C754B0FE07E}"
EndProject
Project("{FAE04EC0-301F-11D3-BF4B-00C04F79EFBC}") = "AStar.Dev.Images.Api.Tests.EndToEnd", "test\apis\AStar.Dev.Images.Api.Tests.EndToEnd\AStar.Dev.Images.Api.Tests.EndToEnd.csproj", "{C2EC8332-6FAF-4CDA-86C8-854D7EF42F5D}"
EndProject
Project("{FAE04EC0-301F-11D3-BF4B-00C04F79EFBC}") = "AStar.Dev.Images.Api.Tests.Integration", "test\apis\AStar.Dev.Images.Api.Tests.Integration\AStar.Dev.Images.Api.Tests.Integration.csproj", "{8DFBDA3C-E3EE-4757-AD3D-E84FAC87543E}"
EndProject
Project("{FAE04EC0-301F-11D3-BF4B-00C04F79EFBC}") = "AStar.Dev.Images.Api.Tests.Unit", "test\apis\AStar.Dev.Images.Api.Tests.Unit\AStar.Dev.Images.Api.Tests.Unit.csproj", "{F9F0C911-D445-46F5-A8C8-3CD51E7C600D}"
EndProject
Project("{FAE04EC0-301F-11D3-BF4B-00C04F79EFBC}") = "AStar.Dev.BackupApp.Core.Test.Unit", "test\console-apps\AStar.Dev.BackupApp.Core.Test.Unit\AStar.Dev.BackupApp.Core.Test.Unit.csproj", "{6C6CC3A4-68C3-49B2-9977-32631D1BDE29}"
EndProject
Project("{FAE04EC0-301F-11D3-BF4B-00C04F79EFBC}") = "AStar.Dev.BackupApp.Tests.Integration", "test\console-apps\AStar.Dev.BackupApp.Tests.Integration\AStar.Dev.BackupApp.Tests.Integration.csproj", "{D609B814-D1DA-4D5F-80BE-1EBEABC1ACEE}"
EndProject
Project("{FAE04EC0-301F-11D3-BF4B-00C04F79EFBC}") = "AStar.Dev.BackupApp.Tests.Unit", "test\console-apps\AStar.Dev.BackupApp.Tests.Unit\AStar.Dev.BackupApp.Tests.Unit.csproj", "{72CD86C1-8335-4134-B889-005A4B99BBD5}"
EndProject
Project("{FAE04EC0-301F-11D3-BF4B-00C04F79EFBC}") = "AStar.Dev.Database.Updater.Core.Tests.Unit", "test\services\AStar.Dev.Database.Updater.Core.Tests.Unit\AStar.Dev.Database.Updater.Core.Tests.Unit.csproj", "{F8725FA0-5314-4609-A9E8-4AED5B5CA101}"
EndProject
Project("{FAE04EC0-301F-11D3-BF4B-00C04F79EFBC}") = "AStar.Dev.Database.Updater.Tests.Integration", "test\services\AStar.Dev.Database.Updater.Tests.Integration\AStar.Dev.Database.Updater.Tests.Integration.csproj", "{4D8B893C-C4AA-4D5C-BDD7-A1DC46BED081}"
EndProject
Project("{FAE04EC0-301F-11D3-BF4B-00C04F79EFBC}") = "AStar.Dev.Web.UI.Tests.Integration", "test\uis\AStar.Dev.Web.UI.Tests.Integration\AStar.Dev.Web.UI.Tests.Integration.csproj", "{1AA143D9-AF01-4E4C-914A-36E0A0AE58B0}"
EndProject
Project("{FAE04EC0-301F-11D3-BF4B-00C04F79EFBC}") = "AStar.Dev.Web.UI.Tests.Unit", "test\uis\AStar.Dev.Web.UI.Tests.Unit\AStar.Dev.Web.UI.Tests.Unit.csproj", "{2ADB402E-0278-4307-9B58-E626ABF32F58}"
EndProject
Project("{2150E333-8FDC-42A3-9474-1A3956D46DE8}") = "test", "test", "{346D351A-D80B-4DDF-9435-6FE8BB006931}"
	ProjectSection(SolutionItems) = preProject
		.editorconfig = .editorconfig
	EndProjectSection
EndProject
Project("{FAE04EC0-301F-11D3-BF4B-00C04F79EFBC}") = "AStar.Dev.Functional.Extensions", "src\nuget-packages\AStar.Dev.Functional.Extensions\AStar.Dev.Functional.Extensions.csproj", "{A4375BE8-8CB7-4240-A24A-891857ABA5E9}"
EndProject
Project("{FAE04EC0-301F-11D3-BF4B-00C04F79EFBC}") = "AStar.Dev.Functional.Extensions.Tests.Unit", "test\nuget-packages\AStar.Dev.Functional.Extensions.Tests.Unit\AStar.Dev.Functional.Extensions.Tests.Unit.csproj", "{4DBEE8EE-B119-4354-90E0-25809B8222DF}"
EndProject
Global
	GlobalSection(SolutionConfigurationPlatforms) = preSolution
		Debug|Any CPU = Debug|Any CPU
		Release|Any CPU = Release|Any CPU
	EndGlobalSection
	GlobalSection(ProjectConfigurationPlatforms) = postSolution
		{95CA9F54-6C9B-4394-B949-4899A4D815E5}.Debug|Any CPU.ActiveCfg = Debug|Any CPU
		{95CA9F54-6C9B-4394-B949-4899A4D815E5}.Debug|Any CPU.Build.0 = Debug|Any CPU
		{95CA9F54-6C9B-4394-B949-4899A4D815E5}.Release|Any CPU.ActiveCfg = Release|Any CPU
		{95CA9F54-6C9B-4394-B949-4899A4D815E5}.Release|Any CPU.Build.0 = Release|Any CPU
		{E4A8A101-E7A4-4938-B634-5F691D9AF6E8}.Debug|Any CPU.ActiveCfg = Debug|Any CPU
		{E4A8A101-E7A4-4938-B634-5F691D9AF6E8}.Debug|Any CPU.Build.0 = Debug|Any CPU
		{E4A8A101-E7A4-4938-B634-5F691D9AF6E8}.Release|Any CPU.ActiveCfg = Release|Any CPU
		{E4A8A101-E7A4-4938-B634-5F691D9AF6E8}.Release|Any CPU.Build.0 = Release|Any CPU
		{FFE90D8C-BFBA-4DB0-885E-096B31E8AEFB}.Debug|Any CPU.ActiveCfg = Debug|Any CPU
		{FFE90D8C-BFBA-4DB0-885E-096B31E8AEFB}.Debug|Any CPU.Build.0 = Debug|Any CPU
		{FFE90D8C-BFBA-4DB0-885E-096B31E8AEFB}.Release|Any CPU.ActiveCfg = Release|Any CPU
		{FFE90D8C-BFBA-4DB0-885E-096B31E8AEFB}.Release|Any CPU.Build.0 = Release|Any CPU
		{C5F64CB4-1FE9-4C94-A5A0-7F3BF2BE5604}.Debug|Any CPU.ActiveCfg = Debug|Any CPU
		{C5F64CB4-1FE9-4C94-A5A0-7F3BF2BE5604}.Debug|Any CPU.Build.0 = Debug|Any CPU
		{C5F64CB4-1FE9-4C94-A5A0-7F3BF2BE5604}.Release|Any CPU.ActiveCfg = Release|Any CPU
		{C5F64CB4-1FE9-4C94-A5A0-7F3BF2BE5604}.Release|Any CPU.Build.0 = Release|Any CPU
		{0CF12CDC-C7E7-470C-A27C-E1286EFD7534}.Debug|Any CPU.ActiveCfg = Debug|Any CPU
		{0CF12CDC-C7E7-470C-A27C-E1286EFD7534}.Debug|Any CPU.Build.0 = Debug|Any CPU
		{0CF12CDC-C7E7-470C-A27C-E1286EFD7534}.Release|Any CPU.ActiveCfg = Release|Any CPU
		{0CF12CDC-C7E7-470C-A27C-E1286EFD7534}.Release|Any CPU.Build.0 = Release|Any CPU
		{E1F1F384-4F6F-488E-BC63-DAFC967C7141}.Debug|Any CPU.ActiveCfg = Debug|Any CPU
		{E1F1F384-4F6F-488E-BC63-DAFC967C7141}.Debug|Any CPU.Build.0 = Debug|Any CPU
		{E1F1F384-4F6F-488E-BC63-DAFC967C7141}.Release|Any CPU.ActiveCfg = Release|Any CPU
		{E1F1F384-4F6F-488E-BC63-DAFC967C7141}.Release|Any CPU.Build.0 = Release|Any CPU
		{5394127F-E9D4-4C35-A98E-F9AA8E516F5D}.Debug|Any CPU.ActiveCfg = Debug|Any CPU
		{5394127F-E9D4-4C35-A98E-F9AA8E516F5D}.Debug|Any CPU.Build.0 = Debug|Any CPU
		{5394127F-E9D4-4C35-A98E-F9AA8E516F5D}.Release|Any CPU.ActiveCfg = Release|Any CPU
		{5394127F-E9D4-4C35-A98E-F9AA8E516F5D}.Release|Any CPU.Build.0 = Release|Any CPU
		{6ADB9A9F-BF44-4489-BCA8-E6F37897D80C}.Debug|Any CPU.ActiveCfg = Debug|Any CPU
		{6ADB9A9F-BF44-4489-BCA8-E6F37897D80C}.Debug|Any CPU.Build.0 = Debug|Any CPU
		{6ADB9A9F-BF44-4489-BCA8-E6F37897D80C}.Release|Any CPU.ActiveCfg = Release|Any CPU
		{6ADB9A9F-BF44-4489-BCA8-E6F37897D80C}.Release|Any CPU.Build.0 = Release|Any CPU
		{E441BAFF-DC67-4D44-B750-6B793E89DAF5}.Debug|Any CPU.ActiveCfg = Debug|Any CPU
		{E441BAFF-DC67-4D44-B750-6B793E89DAF5}.Debug|Any CPU.Build.0 = Debug|Any CPU
		{E441BAFF-DC67-4D44-B750-6B793E89DAF5}.Release|Any CPU.ActiveCfg = Release|Any CPU
		{E441BAFF-DC67-4D44-B750-6B793E89DAF5}.Release|Any CPU.Build.0 = Release|Any CPU
		{B1B6B9A8-E4E4-4F0B-8B77-4742A5FE9112}.Debug|Any CPU.ActiveCfg = Debug|Any CPU
		{B1B6B9A8-E4E4-4F0B-8B77-4742A5FE9112}.Debug|Any CPU.Build.0 = Debug|Any CPU
		{B1B6B9A8-E4E4-4F0B-8B77-4742A5FE9112}.Release|Any CPU.ActiveCfg = Release|Any CPU
		{B1B6B9A8-E4E4-4F0B-8B77-4742A5FE9112}.Release|Any CPU.Build.0 = Release|Any CPU
		{6173EEF2-437C-49AC-B228-4C569C8E8D52}.Debug|Any CPU.ActiveCfg = Debug|Any CPU
		{6173EEF2-437C-49AC-B228-4C569C8E8D52}.Debug|Any CPU.Build.0 = Debug|Any CPU
		{6173EEF2-437C-49AC-B228-4C569C8E8D52}.Release|Any CPU.ActiveCfg = Release|Any CPU
		{6173EEF2-437C-49AC-B228-4C569C8E8D52}.Release|Any CPU.Build.0 = Release|Any CPU
		{EBF2737E-A3F9-4861-999D-DFA6F9E34D6F}.Debug|Any CPU.ActiveCfg = Debug|Any CPU
		{EBF2737E-A3F9-4861-999D-DFA6F9E34D6F}.Debug|Any CPU.Build.0 = Debug|Any CPU
		{EBF2737E-A3F9-4861-999D-DFA6F9E34D6F}.Release|Any CPU.ActiveCfg = Release|Any CPU
		{EBF2737E-A3F9-4861-999D-DFA6F9E34D6F}.Release|Any CPU.Build.0 = Release|Any CPU
		{61B7C010-7BA0-4D0D-8708-34F4780CC4D0}.Debug|Any CPU.ActiveCfg = Debug|Any CPU
		{61B7C010-7BA0-4D0D-8708-34F4780CC4D0}.Debug|Any CPU.Build.0 = Debug|Any CPU
		{61B7C010-7BA0-4D0D-8708-34F4780CC4D0}.Release|Any CPU.ActiveCfg = Release|Any CPU
		{61B7C010-7BA0-4D0D-8708-34F4780CC4D0}.Release|Any CPU.Build.0 = Release|Any CPU
		{3816044A-8EFD-4101-8663-7683202ADF0D}.Debug|Any CPU.ActiveCfg = Debug|Any CPU
		{3816044A-8EFD-4101-8663-7683202ADF0D}.Debug|Any CPU.Build.0 = Debug|Any CPU
		{3816044A-8EFD-4101-8663-7683202ADF0D}.Release|Any CPU.ActiveCfg = Release|Any CPU
		{3816044A-8EFD-4101-8663-7683202ADF0D}.Release|Any CPU.Build.0 = Release|Any CPU
		{6D656389-7525-4A4E-8921-CFC9B711407F}.Debug|Any CPU.ActiveCfg = Debug|Any CPU
		{6D656389-7525-4A4E-8921-CFC9B711407F}.Debug|Any CPU.Build.0 = Debug|Any CPU
		{6D656389-7525-4A4E-8921-CFC9B711407F}.Release|Any CPU.ActiveCfg = Release|Any CPU
		{6D656389-7525-4A4E-8921-CFC9B711407F}.Release|Any CPU.Build.0 = Release|Any CPU
		{A9210FD1-18EB-4D7E-A8FA-91BE38E22B38}.Debug|Any CPU.ActiveCfg = Debug|Any CPU
		{A9210FD1-18EB-4D7E-A8FA-91BE38E22B38}.Debug|Any CPU.Build.0 = Debug|Any CPU
		{A9210FD1-18EB-4D7E-A8FA-91BE38E22B38}.Release|Any CPU.ActiveCfg = Release|Any CPU
		{A9210FD1-18EB-4D7E-A8FA-91BE38E22B38}.Release|Any CPU.Build.0 = Release|Any CPU
		{BD2491FA-348C-46CF-B119-FFF463FDB676}.Debug|Any CPU.ActiveCfg = Debug|Any CPU
		{BD2491FA-348C-46CF-B119-FFF463FDB676}.Debug|Any CPU.Build.0 = Debug|Any CPU
		{BD2491FA-348C-46CF-B119-FFF463FDB676}.Release|Any CPU.ActiveCfg = Release|Any CPU
		{BD2491FA-348C-46CF-B119-FFF463FDB676}.Release|Any CPU.Build.0 = Release|Any CPU
		{C8E16F69-33CD-4BA7-B941-A627BC940BDB}.Debug|Any CPU.ActiveCfg = Debug|Any CPU
		{C8E16F69-33CD-4BA7-B941-A627BC940BDB}.Debug|Any CPU.Build.0 = Debug|Any CPU
		{C8E16F69-33CD-4BA7-B941-A627BC940BDB}.Release|Any CPU.ActiveCfg = Release|Any CPU
		{C8E16F69-33CD-4BA7-B941-A627BC940BDB}.Release|Any CPU.Build.0 = Release|Any CPU
		{C01A34B0-B0D1-4C52-B17F-7605354F73B4}.Debug|Any CPU.ActiveCfg = Debug|Any CPU
		{C01A34B0-B0D1-4C52-B17F-7605354F73B4}.Debug|Any CPU.Build.0 = Debug|Any CPU
		{C01A34B0-B0D1-4C52-B17F-7605354F73B4}.Release|Any CPU.ActiveCfg = Release|Any CPU
		{C01A34B0-B0D1-4C52-B17F-7605354F73B4}.Release|Any CPU.Build.0 = Release|Any CPU
		{956F58EE-8569-475E-9D94-864F908F8C00}.Debug|Any CPU.ActiveCfg = Debug|Any CPU
		{956F58EE-8569-475E-9D94-864F908F8C00}.Debug|Any CPU.Build.0 = Debug|Any CPU
		{956F58EE-8569-475E-9D94-864F908F8C00}.Release|Any CPU.ActiveCfg = Release|Any CPU
		{956F58EE-8569-475E-9D94-864F908F8C00}.Release|Any CPU.Build.0 = Release|Any CPU
		{F4B8F3DF-A722-4508-81BD-B39322FAE5E4}.Debug|Any CPU.ActiveCfg = Debug|Any CPU
		{F4B8F3DF-A722-4508-81BD-B39322FAE5E4}.Debug|Any CPU.Build.0 = Debug|Any CPU
		{F4B8F3DF-A722-4508-81BD-B39322FAE5E4}.Release|Any CPU.ActiveCfg = Release|Any CPU
		{F4B8F3DF-A722-4508-81BD-B39322FAE5E4}.Release|Any CPU.Build.0 = Release|Any CPU
		{356B6946-EE29-4DD8-B914-FCF74FB1AD32}.Debug|Any CPU.ActiveCfg = Debug|Any CPU
		{356B6946-EE29-4DD8-B914-FCF74FB1AD32}.Debug|Any CPU.Build.0 = Debug|Any CPU
		{356B6946-EE29-4DD8-B914-FCF74FB1AD32}.Release|Any CPU.ActiveCfg = Release|Any CPU
		{356B6946-EE29-4DD8-B914-FCF74FB1AD32}.Release|Any CPU.Build.0 = Release|Any CPU
		{01BCF8BD-E456-4B4E-82D1-1F97CF1E83EF}.Debug|Any CPU.ActiveCfg = Debug|Any CPU
		{01BCF8BD-E456-4B4E-82D1-1F97CF1E83EF}.Debug|Any CPU.Build.0 = Debug|Any CPU
		{01BCF8BD-E456-4B4E-82D1-1F97CF1E83EF}.Release|Any CPU.ActiveCfg = Release|Any CPU
		{01BCF8BD-E456-4B4E-82D1-1F97CF1E83EF}.Release|Any CPU.Build.0 = Release|Any CPU
		{020F6D15-0731-4EAA-943E-F30186E060A0}.Debug|Any CPU.ActiveCfg = Debug|Any CPU
		{020F6D15-0731-4EAA-943E-F30186E060A0}.Debug|Any CPU.Build.0 = Debug|Any CPU
		{020F6D15-0731-4EAA-943E-F30186E060A0}.Release|Any CPU.ActiveCfg = Release|Any CPU
		{020F6D15-0731-4EAA-943E-F30186E060A0}.Release|Any CPU.Build.0 = Release|Any CPU
		{1880BF15-7E79-4BA1-BA4B-82F3A9BF5643}.Debug|Any CPU.ActiveCfg = Debug|Any CPU
		{1880BF15-7E79-4BA1-BA4B-82F3A9BF5643}.Debug|Any CPU.Build.0 = Debug|Any CPU
		{1880BF15-7E79-4BA1-BA4B-82F3A9BF5643}.Release|Any CPU.ActiveCfg = Release|Any CPU
		{1880BF15-7E79-4BA1-BA4B-82F3A9BF5643}.Release|Any CPU.Build.0 = Release|Any CPU
		{A799D0FA-4DBF-4405-98F0-D6F57A80E99F}.Debug|Any CPU.ActiveCfg = Debug|Any CPU
		{A799D0FA-4DBF-4405-98F0-D6F57A80E99F}.Debug|Any CPU.Build.0 = Debug|Any CPU
		{A799D0FA-4DBF-4405-98F0-D6F57A80E99F}.Release|Any CPU.ActiveCfg = Release|Any CPU
		{A799D0FA-4DBF-4405-98F0-D6F57A80E99F}.Release|Any CPU.Build.0 = Release|Any CPU
		{807514F8-C7F3-4A02-8088-C4BE01ECCF73}.Debug|Any CPU.ActiveCfg = Debug|Any CPU
		{807514F8-C7F3-4A02-8088-C4BE01ECCF73}.Debug|Any CPU.Build.0 = Debug|Any CPU
		{807514F8-C7F3-4A02-8088-C4BE01ECCF73}.Release|Any CPU.ActiveCfg = Release|Any CPU
		{807514F8-C7F3-4A02-8088-C4BE01ECCF73}.Release|Any CPU.Build.0 = Release|Any CPU
		{A2E9BB56-6647-43EE-B78C-4B4AEE83D636}.Debug|Any CPU.ActiveCfg = Debug|Any CPU
		{A2E9BB56-6647-43EE-B78C-4B4AEE83D636}.Debug|Any CPU.Build.0 = Debug|Any CPU
		{A2E9BB56-6647-43EE-B78C-4B4AEE83D636}.Release|Any CPU.ActiveCfg = Release|Any CPU
		{A2E9BB56-6647-43EE-B78C-4B4AEE83D636}.Release|Any CPU.Build.0 = Release|Any CPU
		{EF73840C-31C9-472F-9F6A-11BAF52833D1}.Debug|Any CPU.ActiveCfg = Debug|Any CPU
		{EF73840C-31C9-472F-9F6A-11BAF52833D1}.Debug|Any CPU.Build.0 = Debug|Any CPU
		{EF73840C-31C9-472F-9F6A-11BAF52833D1}.Release|Any CPU.ActiveCfg = Release|Any CPU
		{EF73840C-31C9-472F-9F6A-11BAF52833D1}.Release|Any CPU.Build.0 = Release|Any CPU
		{F729915A-E860-474F-B2AB-BF8A3AE23BA9}.Debug|Any CPU.ActiveCfg = Debug|Any CPU
		{F729915A-E860-474F-B2AB-BF8A3AE23BA9}.Debug|Any CPU.Build.0 = Debug|Any CPU
		{F729915A-E860-474F-B2AB-BF8A3AE23BA9}.Release|Any CPU.ActiveCfg = Release|Any CPU
		{F729915A-E860-474F-B2AB-BF8A3AE23BA9}.Release|Any CPU.Build.0 = Release|Any CPU
		{EBF0EFE0-2BD1-4D25-8275-CEEDD714B178}.Debug|Any CPU.ActiveCfg = Debug|Any CPU
		{EBF0EFE0-2BD1-4D25-8275-CEEDD714B178}.Debug|Any CPU.Build.0 = Debug|Any CPU
		{EBF0EFE0-2BD1-4D25-8275-CEEDD714B178}.Release|Any CPU.ActiveCfg = Release|Any CPU
		{EBF0EFE0-2BD1-4D25-8275-CEEDD714B178}.Release|Any CPU.Build.0 = Release|Any CPU
		{93EA0BF2-B604-462D-89B1-F17D372F6C8B}.Debug|Any CPU.ActiveCfg = Debug|Any CPU
		{93EA0BF2-B604-462D-89B1-F17D372F6C8B}.Debug|Any CPU.Build.0 = Debug|Any CPU
		{93EA0BF2-B604-462D-89B1-F17D372F6C8B}.Release|Any CPU.ActiveCfg = Release|Any CPU
		{93EA0BF2-B604-462D-89B1-F17D372F6C8B}.Release|Any CPU.Build.0 = Release|Any CPU
		{21514333-ECE0-4CD4-B12D-654B234D809D}.Debug|Any CPU.ActiveCfg = Debug|Any CPU
		{21514333-ECE0-4CD4-B12D-654B234D809D}.Debug|Any CPU.Build.0 = Debug|Any CPU
		{21514333-ECE0-4CD4-B12D-654B234D809D}.Release|Any CPU.ActiveCfg = Release|Any CPU
		{21514333-ECE0-4CD4-B12D-654B234D809D}.Release|Any CPU.Build.0 = Release|Any CPU
		{4650B1A6-6D36-467C-AAB2-3C2771633546}.Debug|Any CPU.ActiveCfg = Debug|Any CPU
		{4650B1A6-6D36-467C-AAB2-3C2771633546}.Debug|Any CPU.Build.0 = Debug|Any CPU
		{4650B1A6-6D36-467C-AAB2-3C2771633546}.Release|Any CPU.ActiveCfg = Release|Any CPU
		{4650B1A6-6D36-467C-AAB2-3C2771633546}.Release|Any CPU.Build.0 = Release|Any CPU
		{0117B757-025D-4423-8B31-E1474F45EA06}.Debug|Any CPU.ActiveCfg = Debug|Any CPU
		{0117B757-025D-4423-8B31-E1474F45EA06}.Debug|Any CPU.Build.0 = Debug|Any CPU
		{0117B757-025D-4423-8B31-E1474F45EA06}.Release|Any CPU.ActiveCfg = Release|Any CPU
		{0117B757-025D-4423-8B31-E1474F45EA06}.Release|Any CPU.Build.0 = Release|Any CPU
		{9DCAC5BB-7D45-483F-BC99-E73D946BC158}.Debug|Any CPU.ActiveCfg = Debug|Any CPU
		{9DCAC5BB-7D45-483F-BC99-E73D946BC158}.Debug|Any CPU.Build.0 = Debug|Any CPU
		{9DCAC5BB-7D45-483F-BC99-E73D946BC158}.Release|Any CPU.ActiveCfg = Release|Any CPU
		{9DCAC5BB-7D45-483F-BC99-E73D946BC158}.Release|Any CPU.Build.0 = Release|Any CPU
		{287D0803-C796-4C67-BBBE-F069477AE1C0}.Debug|Any CPU.ActiveCfg = Debug|Any CPU
		{287D0803-C796-4C67-BBBE-F069477AE1C0}.Debug|Any CPU.Build.0 = Debug|Any CPU
		{287D0803-C796-4C67-BBBE-F069477AE1C0}.Release|Any CPU.ActiveCfg = Release|Any CPU
		{287D0803-C796-4C67-BBBE-F069477AE1C0}.Release|Any CPU.Build.0 = Release|Any CPU
		{47EEE84B-3D88-42BB-B582-550757278B1B}.Debug|Any CPU.ActiveCfg = Debug|Any CPU
		{47EEE84B-3D88-42BB-B582-550757278B1B}.Debug|Any CPU.Build.0 = Debug|Any CPU
		{47EEE84B-3D88-42BB-B582-550757278B1B}.Release|Any CPU.ActiveCfg = Release|Any CPU
		{47EEE84B-3D88-42BB-B582-550757278B1B}.Release|Any CPU.Build.0 = Release|Any CPU
		{A8C4D381-F425-482C-A9DB-C795EC0AD327}.Debug|Any CPU.ActiveCfg = Debug|Any CPU
		{A8C4D381-F425-482C-A9DB-C795EC0AD327}.Debug|Any CPU.Build.0 = Debug|Any CPU
		{A8C4D381-F425-482C-A9DB-C795EC0AD327}.Release|Any CPU.ActiveCfg = Release|Any CPU
		{A8C4D381-F425-482C-A9DB-C795EC0AD327}.Release|Any CPU.Build.0 = Release|Any CPU
		{56853145-19DD-48F5-9C5C-BDB86913AC2A}.Debug|Any CPU.ActiveCfg = Debug|Any CPU
		{56853145-19DD-48F5-9C5C-BDB86913AC2A}.Debug|Any CPU.Build.0 = Debug|Any CPU
		{56853145-19DD-48F5-9C5C-BDB86913AC2A}.Release|Any CPU.ActiveCfg = Release|Any CPU
		{56853145-19DD-48F5-9C5C-BDB86913AC2A}.Release|Any CPU.Build.0 = Release|Any CPU
		{997404D1-DAA6-47DF-B6FD-1633BADE3E0B}.Debug|Any CPU.ActiveCfg = Debug|Any CPU
		{997404D1-DAA6-47DF-B6FD-1633BADE3E0B}.Debug|Any CPU.Build.0 = Debug|Any CPU
		{997404D1-DAA6-47DF-B6FD-1633BADE3E0B}.Release|Any CPU.ActiveCfg = Release|Any CPU
		{997404D1-DAA6-47DF-B6FD-1633BADE3E0B}.Release|Any CPU.Build.0 = Release|Any CPU
		{5479FDF0-4E06-4F2D-B464-C8F678FD84F3}.Debug|Any CPU.ActiveCfg = Debug|Any CPU
		{5479FDF0-4E06-4F2D-B464-C8F678FD84F3}.Debug|Any CPU.Build.0 = Debug|Any CPU
		{5479FDF0-4E06-4F2D-B464-C8F678FD84F3}.Release|Any CPU.ActiveCfg = Release|Any CPU
		{5479FDF0-4E06-4F2D-B464-C8F678FD84F3}.Release|Any CPU.Build.0 = Release|Any CPU
		{67A72A58-BF41-4209-9572-286E9424F3AF}.Debug|Any CPU.ActiveCfg = Debug|Any CPU
		{67A72A58-BF41-4209-9572-286E9424F3AF}.Debug|Any CPU.Build.0 = Debug|Any CPU
		{67A72A58-BF41-4209-9572-286E9424F3AF}.Release|Any CPU.ActiveCfg = Release|Any CPU
		{67A72A58-BF41-4209-9572-286E9424F3AF}.Release|Any CPU.Build.0 = Release|Any CPU
		{A31CFD4D-F7B4-4374-8311-27C09C4E9866}.Debug|Any CPU.ActiveCfg = Debug|Any CPU
		{A31CFD4D-F7B4-4374-8311-27C09C4E9866}.Debug|Any CPU.Build.0 = Debug|Any CPU
		{A31CFD4D-F7B4-4374-8311-27C09C4E9866}.Release|Any CPU.ActiveCfg = Release|Any CPU
		{A31CFD4D-F7B4-4374-8311-27C09C4E9866}.Release|Any CPU.Build.0 = Release|Any CPU
		{4DEFC2B4-F14F-43BE-8A4D-1D6B5085C0E0}.Debug|Any CPU.ActiveCfg = Debug|Any CPU
		{4DEFC2B4-F14F-43BE-8A4D-1D6B5085C0E0}.Debug|Any CPU.Build.0 = Debug|Any CPU
		{4DEFC2B4-F14F-43BE-8A4D-1D6B5085C0E0}.Release|Any CPU.ActiveCfg = Release|Any CPU
		{4DEFC2B4-F14F-43BE-8A4D-1D6B5085C0E0}.Release|Any CPU.Build.0 = Release|Any CPU
		{C8E536D7-69CC-444E-A302-2363751ED807}.Debug|Any CPU.ActiveCfg = Debug|Any CPU
		{C8E536D7-69CC-444E-A302-2363751ED807}.Debug|Any CPU.Build.0 = Debug|Any CPU
		{C8E536D7-69CC-444E-A302-2363751ED807}.Release|Any CPU.ActiveCfg = Release|Any CPU
		{C8E536D7-69CC-444E-A302-2363751ED807}.Release|Any CPU.Build.0 = Release|Any CPU
		{97D69502-3834-445B-8D96-8CB6E9CA6E73}.Debug|Any CPU.ActiveCfg = Debug|Any CPU
		{97D69502-3834-445B-8D96-8CB6E9CA6E73}.Debug|Any CPU.Build.0 = Debug|Any CPU
		{97D69502-3834-445B-8D96-8CB6E9CA6E73}.Release|Any CPU.ActiveCfg = Release|Any CPU
		{97D69502-3834-445B-8D96-8CB6E9CA6E73}.Release|Any CPU.Build.0 = Release|Any CPU
		{56CEAA56-7A23-40FF-ABA5-7D9769B44AA2}.Debug|Any CPU.ActiveCfg = Debug|Any CPU
		{56CEAA56-7A23-40FF-ABA5-7D9769B44AA2}.Debug|Any CPU.Build.0 = Debug|Any CPU
		{56CEAA56-7A23-40FF-ABA5-7D9769B44AA2}.Release|Any CPU.ActiveCfg = Release|Any CPU
		{56CEAA56-7A23-40FF-ABA5-7D9769B44AA2}.Release|Any CPU.Build.0 = Release|Any CPU
		{2336D11A-BD7C-49D2-9CD7-CEC2D9830FA9}.Debug|Any CPU.ActiveCfg = Debug|Any CPU
		{2336D11A-BD7C-49D2-9CD7-CEC2D9830FA9}.Debug|Any CPU.Build.0 = Debug|Any CPU
		{2336D11A-BD7C-49D2-9CD7-CEC2D9830FA9}.Release|Any CPU.ActiveCfg = Release|Any CPU
		{2336D11A-BD7C-49D2-9CD7-CEC2D9830FA9}.Release|Any CPU.Build.0 = Release|Any CPU
		{AE2F75DF-8F3B-499E-B88C-0450E91536E4}.Debug|Any CPU.ActiveCfg = Debug|Any CPU
		{AE2F75DF-8F3B-499E-B88C-0450E91536E4}.Debug|Any CPU.Build.0 = Debug|Any CPU
		{AE2F75DF-8F3B-499E-B88C-0450E91536E4}.Release|Any CPU.ActiveCfg = Release|Any CPU
		{AE2F75DF-8F3B-499E-B88C-0450E91536E4}.Release|Any CPU.Build.0 = Release|Any CPU
		{8835BE4E-2842-4195-AA6B-45B218047AE4}.Debug|Any CPU.ActiveCfg = Debug|Any CPU
		{8835BE4E-2842-4195-AA6B-45B218047AE4}.Debug|Any CPU.Build.0 = Debug|Any CPU
		{8835BE4E-2842-4195-AA6B-45B218047AE4}.Release|Any CPU.ActiveCfg = Release|Any CPU
		{8835BE4E-2842-4195-AA6B-45B218047AE4}.Release|Any CPU.Build.0 = Release|Any CPU
		{C054C44E-7A51-43DE-A7EA-0EC66332083A}.Debug|Any CPU.ActiveCfg = Debug|Any CPU
		{C054C44E-7A51-43DE-A7EA-0EC66332083A}.Debug|Any CPU.Build.0 = Debug|Any CPU
		{C054C44E-7A51-43DE-A7EA-0EC66332083A}.Release|Any CPU.ActiveCfg = Release|Any CPU
		{C054C44E-7A51-43DE-A7EA-0EC66332083A}.Release|Any CPU.Build.0 = Release|Any CPU
		{0039E4CE-7A1F-4587-A5AA-5914ACD9CE8E}.Debug|Any CPU.ActiveCfg = Debug|Any CPU
		{0039E4CE-7A1F-4587-A5AA-5914ACD9CE8E}.Debug|Any CPU.Build.0 = Debug|Any CPU
		{0039E4CE-7A1F-4587-A5AA-5914ACD9CE8E}.Release|Any CPU.ActiveCfg = Release|Any CPU
		{0039E4CE-7A1F-4587-A5AA-5914ACD9CE8E}.Release|Any CPU.Build.0 = Release|Any CPU
		{7EEC6510-7155-48DF-9914-9B3D0688F03E}.Debug|Any CPU.ActiveCfg = Debug|Any CPU
		{7EEC6510-7155-48DF-9914-9B3D0688F03E}.Debug|Any CPU.Build.0 = Debug|Any CPU
		{7EEC6510-7155-48DF-9914-9B3D0688F03E}.Release|Any CPU.ActiveCfg = Release|Any CPU
		{7EEC6510-7155-48DF-9914-9B3D0688F03E}.Release|Any CPU.Build.0 = Release|Any CPU
		{D364E302-B06B-496C-B784-748862F4D341}.Debug|Any CPU.ActiveCfg = Debug|Any CPU
		{D364E302-B06B-496C-B784-748862F4D341}.Debug|Any CPU.Build.0 = Debug|Any CPU
		{D364E302-B06B-496C-B784-748862F4D341}.Release|Any CPU.ActiveCfg = Release|Any CPU
		{D364E302-B06B-496C-B784-748862F4D341}.Release|Any CPU.Build.0 = Release|Any CPU
		{193477EB-27ED-4DE0-987D-DC437D42A6DF}.Debug|Any CPU.ActiveCfg = Debug|Any CPU
		{193477EB-27ED-4DE0-987D-DC437D42A6DF}.Debug|Any CPU.Build.0 = Debug|Any CPU
		{193477EB-27ED-4DE0-987D-DC437D42A6DF}.Release|Any CPU.ActiveCfg = Release|Any CPU
		{193477EB-27ED-4DE0-987D-DC437D42A6DF}.Release|Any CPU.Build.0 = Release|Any CPU
		{24C2D089-7EBA-4D01-BA74-9C9C3404E8CE}.Debug|Any CPU.ActiveCfg = Debug|Any CPU
		{24C2D089-7EBA-4D01-BA74-9C9C3404E8CE}.Debug|Any CPU.Build.0 = Debug|Any CPU
		{24C2D089-7EBA-4D01-BA74-9C9C3404E8CE}.Release|Any CPU.ActiveCfg = Release|Any CPU
		{24C2D089-7EBA-4D01-BA74-9C9C3404E8CE}.Release|Any CPU.Build.0 = Release|Any CPU
		{D8BABB4B-910B-484D-968A-AEC88D94DB6B}.Debug|Any CPU.ActiveCfg = Debug|Any CPU
		{D8BABB4B-910B-484D-968A-AEC88D94DB6B}.Debug|Any CPU.Build.0 = Debug|Any CPU
		{D8BABB4B-910B-484D-968A-AEC88D94DB6B}.Release|Any CPU.ActiveCfg = Release|Any CPU
		{D8BABB4B-910B-484D-968A-AEC88D94DB6B}.Release|Any CPU.Build.0 = Release|Any CPU
		{44A5C85D-AC43-4AA5-B8DD-88ADD197D962}.Debug|Any CPU.ActiveCfg = Debug|Any CPU
		{44A5C85D-AC43-4AA5-B8DD-88ADD197D962}.Debug|Any CPU.Build.0 = Debug|Any CPU
		{44A5C85D-AC43-4AA5-B8DD-88ADD197D962}.Release|Any CPU.ActiveCfg = Release|Any CPU
		{44A5C85D-AC43-4AA5-B8DD-88ADD197D962}.Release|Any CPU.Build.0 = Release|Any CPU
		{ABCF6EF9-A12B-4EB7-BC3B-C5FF4CD2AE91}.Debug|Any CPU.ActiveCfg = Debug|Any CPU
		{ABCF6EF9-A12B-4EB7-BC3B-C5FF4CD2AE91}.Debug|Any CPU.Build.0 = Debug|Any CPU
		{ABCF6EF9-A12B-4EB7-BC3B-C5FF4CD2AE91}.Release|Any CPU.ActiveCfg = Release|Any CPU
		{ABCF6EF9-A12B-4EB7-BC3B-C5FF4CD2AE91}.Release|Any CPU.Build.0 = Release|Any CPU
		{6D31A9AF-1B53-4576-8BD6-C1C3E4CDF629}.Debug|Any CPU.ActiveCfg = Debug|Any CPU
		{6D31A9AF-1B53-4576-8BD6-C1C3E4CDF629}.Debug|Any CPU.Build.0 = Debug|Any CPU
		{6D31A9AF-1B53-4576-8BD6-C1C3E4CDF629}.Release|Any CPU.ActiveCfg = Release|Any CPU
		{6D31A9AF-1B53-4576-8BD6-C1C3E4CDF629}.Release|Any CPU.Build.0 = Release|Any CPU
		{F9C1CEE6-592D-4AC9-AB4C-9E68B79169D3}.Debug|Any CPU.ActiveCfg = Debug|Any CPU
		{F9C1CEE6-592D-4AC9-AB4C-9E68B79169D3}.Debug|Any CPU.Build.0 = Debug|Any CPU
		{F9C1CEE6-592D-4AC9-AB4C-9E68B79169D3}.Release|Any CPU.ActiveCfg = Release|Any CPU
		{F9C1CEE6-592D-4AC9-AB4C-9E68B79169D3}.Release|Any CPU.Build.0 = Release|Any CPU
		{03B1D09D-50DC-4B04-AA7B-FA7313135FD7}.Debug|Any CPU.ActiveCfg = Debug|Any CPU
		{03B1D09D-50DC-4B04-AA7B-FA7313135FD7}.Debug|Any CPU.Build.0 = Debug|Any CPU
		{03B1D09D-50DC-4B04-AA7B-FA7313135FD7}.Release|Any CPU.ActiveCfg = Release|Any CPU
		{03B1D09D-50DC-4B04-AA7B-FA7313135FD7}.Release|Any CPU.Build.0 = Release|Any CPU
		{F5E30B54-5AA6-42EB-A3A4-2EA5C78BD9D2}.Debug|Any CPU.ActiveCfg = Debug|Any CPU
		{F5E30B54-5AA6-42EB-A3A4-2EA5C78BD9D2}.Debug|Any CPU.Build.0 = Debug|Any CPU
		{F5E30B54-5AA6-42EB-A3A4-2EA5C78BD9D2}.Release|Any CPU.ActiveCfg = Release|Any CPU
		{F5E30B54-5AA6-42EB-A3A4-2EA5C78BD9D2}.Release|Any CPU.Build.0 = Release|Any CPU
		{2A2EA8EA-9377-4A6B-93A4-4F4DD444BA2A}.Debug|Any CPU.ActiveCfg = Debug|Any CPU
		{2A2EA8EA-9377-4A6B-93A4-4F4DD444BA2A}.Debug|Any CPU.Build.0 = Debug|Any CPU
		{2A2EA8EA-9377-4A6B-93A4-4F4DD444BA2A}.Release|Any CPU.ActiveCfg = Release|Any CPU
		{2A2EA8EA-9377-4A6B-93A4-4F4DD444BA2A}.Release|Any CPU.Build.0 = Release|Any CPU
		{E8AC57B5-1E38-46DB-B8E0-64FE6B5478E6}.Debug|Any CPU.ActiveCfg = Debug|Any CPU
		{E8AC57B5-1E38-46DB-B8E0-64FE6B5478E6}.Debug|Any CPU.Build.0 = Debug|Any CPU
		{E8AC57B5-1E38-46DB-B8E0-64FE6B5478E6}.Release|Any CPU.ActiveCfg = Release|Any CPU
		{E8AC57B5-1E38-46DB-B8E0-64FE6B5478E6}.Release|Any CPU.Build.0 = Release|Any CPU
		{9FE514B2-6073-4B9D-B5D5-FAB80FB239BB}.Debug|Any CPU.ActiveCfg = Debug|Any CPU
		{9FE514B2-6073-4B9D-B5D5-FAB80FB239BB}.Debug|Any CPU.Build.0 = Debug|Any CPU
		{9FE514B2-6073-4B9D-B5D5-FAB80FB239BB}.Release|Any CPU.ActiveCfg = Release|Any CPU
		{9FE514B2-6073-4B9D-B5D5-FAB80FB239BB}.Release|Any CPU.Build.0 = Release|Any CPU
		{1F3BA111-0CEF-4A31-AE13-CA7A4BC6018A}.Debug|Any CPU.ActiveCfg = Debug|Any CPU
		{1F3BA111-0CEF-4A31-AE13-CA7A4BC6018A}.Debug|Any CPU.Build.0 = Debug|Any CPU
		{1F3BA111-0CEF-4A31-AE13-CA7A4BC6018A}.Release|Any CPU.ActiveCfg = Release|Any CPU
		{1F3BA111-0CEF-4A31-AE13-CA7A4BC6018A}.Release|Any CPU.Build.0 = Release|Any CPU
		{EF111E13-2459-41FA-87F8-14BE23837899}.Debug|Any CPU.ActiveCfg = Debug|Any CPU
		{EF111E13-2459-41FA-87F8-14BE23837899}.Debug|Any CPU.Build.0 = Debug|Any CPU
		{EF111E13-2459-41FA-87F8-14BE23837899}.Release|Any CPU.ActiveCfg = Release|Any CPU
		{EF111E13-2459-41FA-87F8-14BE23837899}.Release|Any CPU.Build.0 = Release|Any CPU
		{C2EC8332-6FAF-4CDA-86C8-854D7EF42F5D}.Debug|Any CPU.ActiveCfg = Debug|Any CPU
		{C2EC8332-6FAF-4CDA-86C8-854D7EF42F5D}.Debug|Any CPU.Build.0 = Debug|Any CPU
		{C2EC8332-6FAF-4CDA-86C8-854D7EF42F5D}.Release|Any CPU.ActiveCfg = Release|Any CPU
		{C2EC8332-6FAF-4CDA-86C8-854D7EF42F5D}.Release|Any CPU.Build.0 = Release|Any CPU
		{8DFBDA3C-E3EE-4757-AD3D-E84FAC87543E}.Debug|Any CPU.ActiveCfg = Debug|Any CPU
		{8DFBDA3C-E3EE-4757-AD3D-E84FAC87543E}.Debug|Any CPU.Build.0 = Debug|Any CPU
		{8DFBDA3C-E3EE-4757-AD3D-E84FAC87543E}.Release|Any CPU.ActiveCfg = Release|Any CPU
		{8DFBDA3C-E3EE-4757-AD3D-E84FAC87543E}.Release|Any CPU.Build.0 = Release|Any CPU
		{F9F0C911-D445-46F5-A8C8-3CD51E7C600D}.Debug|Any CPU.ActiveCfg = Debug|Any CPU
		{F9F0C911-D445-46F5-A8C8-3CD51E7C600D}.Debug|Any CPU.Build.0 = Debug|Any CPU
		{F9F0C911-D445-46F5-A8C8-3CD51E7C600D}.Release|Any CPU.ActiveCfg = Release|Any CPU
		{F9F0C911-D445-46F5-A8C8-3CD51E7C600D}.Release|Any CPU.Build.0 = Release|Any CPU
		{6C6CC3A4-68C3-49B2-9977-32631D1BDE29}.Debug|Any CPU.ActiveCfg = Debug|Any CPU
		{6C6CC3A4-68C3-49B2-9977-32631D1BDE29}.Debug|Any CPU.Build.0 = Debug|Any CPU
		{6C6CC3A4-68C3-49B2-9977-32631D1BDE29}.Release|Any CPU.ActiveCfg = Release|Any CPU
		{6C6CC3A4-68C3-49B2-9977-32631D1BDE29}.Release|Any CPU.Build.0 = Release|Any CPU
		{D609B814-D1DA-4D5F-80BE-1EBEABC1ACEE}.Debug|Any CPU.ActiveCfg = Debug|Any CPU
		{D609B814-D1DA-4D5F-80BE-1EBEABC1ACEE}.Debug|Any CPU.Build.0 = Debug|Any CPU
		{D609B814-D1DA-4D5F-80BE-1EBEABC1ACEE}.Release|Any CPU.ActiveCfg = Release|Any CPU
		{D609B814-D1DA-4D5F-80BE-1EBEABC1ACEE}.Release|Any CPU.Build.0 = Release|Any CPU
		{72CD86C1-8335-4134-B889-005A4B99BBD5}.Debug|Any CPU.ActiveCfg = Debug|Any CPU
		{72CD86C1-8335-4134-B889-005A4B99BBD5}.Debug|Any CPU.Build.0 = Debug|Any CPU
		{72CD86C1-8335-4134-B889-005A4B99BBD5}.Release|Any CPU.ActiveCfg = Release|Any CPU
		{72CD86C1-8335-4134-B889-005A4B99BBD5}.Release|Any CPU.Build.0 = Release|Any CPU
		{F8725FA0-5314-4609-A9E8-4AED5B5CA101}.Debug|Any CPU.ActiveCfg = Debug|Any CPU
		{F8725FA0-5314-4609-A9E8-4AED5B5CA101}.Debug|Any CPU.Build.0 = Debug|Any CPU
		{F8725FA0-5314-4609-A9E8-4AED5B5CA101}.Release|Any CPU.ActiveCfg = Release|Any CPU
		{F8725FA0-5314-4609-A9E8-4AED5B5CA101}.Release|Any CPU.Build.0 = Release|Any CPU
		{4D8B893C-C4AA-4D5C-BDD7-A1DC46BED081}.Debug|Any CPU.ActiveCfg = Debug|Any CPU
		{4D8B893C-C4AA-4D5C-BDD7-A1DC46BED081}.Debug|Any CPU.Build.0 = Debug|Any CPU
		{4D8B893C-C4AA-4D5C-BDD7-A1DC46BED081}.Release|Any CPU.ActiveCfg = Release|Any CPU
		{4D8B893C-C4AA-4D5C-BDD7-A1DC46BED081}.Release|Any CPU.Build.0 = Release|Any CPU
		{1AA143D9-AF01-4E4C-914A-36E0A0AE58B0}.Debug|Any CPU.ActiveCfg = Debug|Any CPU
		{1AA143D9-AF01-4E4C-914A-36E0A0AE58B0}.Debug|Any CPU.Build.0 = Debug|Any CPU
		{1AA143D9-AF01-4E4C-914A-36E0A0AE58B0}.Release|Any CPU.ActiveCfg = Release|Any CPU
		{1AA143D9-AF01-4E4C-914A-36E0A0AE58B0}.Release|Any CPU.Build.0 = Release|Any CPU
		{2ADB402E-0278-4307-9B58-E626ABF32F58}.Debug|Any CPU.ActiveCfg = Debug|Any CPU
		{2ADB402E-0278-4307-9B58-E626ABF32F58}.Debug|Any CPU.Build.0 = Debug|Any CPU
		{2ADB402E-0278-4307-9B58-E626ABF32F58}.Release|Any CPU.ActiveCfg = Release|Any CPU
		{2ADB402E-0278-4307-9B58-E626ABF32F58}.Release|Any CPU.Build.0 = Release|Any CPU
		{A4375BE8-8CB7-4240-A24A-891857ABA5E9}.Debug|Any CPU.ActiveCfg = Debug|Any CPU
		{A4375BE8-8CB7-4240-A24A-891857ABA5E9}.Debug|Any CPU.Build.0 = Debug|Any CPU
		{A4375BE8-8CB7-4240-A24A-891857ABA5E9}.Release|Any CPU.ActiveCfg = Release|Any CPU
		{A4375BE8-8CB7-4240-A24A-891857ABA5E9}.Release|Any CPU.Build.0 = Release|Any CPU
		{4DBEE8EE-B119-4354-90E0-25809B8222DF}.Debug|Any CPU.ActiveCfg = Debug|Any CPU
		{4DBEE8EE-B119-4354-90E0-25809B8222DF}.Debug|Any CPU.Build.0 = Debug|Any CPU
		{4DBEE8EE-B119-4354-90E0-25809B8222DF}.Release|Any CPU.ActiveCfg = Release|Any CPU
		{4DBEE8EE-B119-4354-90E0-25809B8222DF}.Release|Any CPU.Build.0 = Release|Any CPU
	EndGlobalSection
	GlobalSection(NestedProjects) = preSolution
		{F9CAEEA8-9864-4F58-B848-B87E90EEA06A} = {EF0D1378-2D70-40FA-B190-9F760C75D222}
		{95CA9F54-6C9B-4394-B949-4899A4D815E5} = {F9CAEEA8-9864-4F58-B848-B87E90EEA06A}
		{E4A8A101-E7A4-4938-B634-5F691D9AF6E8} = {F9CAEEA8-9864-4F58-B848-B87E90EEA06A}
		{33D3DA24-BB35-470F-B61D-2DA7FE128150} = {EF0D1378-2D70-40FA-B190-9F760C75D222}
		{85FA4F4D-E4C7-4323-B02B-32E89F7A1727} = {EF0D1378-2D70-40FA-B190-9F760C75D222}
		{23F62965-2FE9-4C84-A822-D8546C808189} = {8D5AE22F-6ABF-4BC8-9B54-434ECB78A1F2}
		{210EC410-82F6-4636-AD43-6A0985A1C371} = {8D5AE22F-6ABF-4BC8-9B54-434ECB78A1F2}
		{D2BE50A0-BD98-4A58-BF11-D33E3B06B39F} = {EF0D1378-2D70-40FA-B190-9F760C75D222}
		{1EEB3A74-F9D6-4D87-AB68-0A4D854DE6E3} = {8D5AE22F-6ABF-4BC8-9B54-434ECB78A1F2}
		{BCE7ABAF-843F-4325-9572-4DBF45267935} = {8D5AE22F-6ABF-4BC8-9B54-434ECB78A1F2}
		{B9458F80-83C4-46F1-93B7-90216C438778} = {EF0D1378-2D70-40FA-B190-9F760C75D222}
		{94F32B60-B5A7-450C-A7A7-04E48BECDC9D} = {8D5AE22F-6ABF-4BC8-9B54-434ECB78A1F2}
		{4B538FC9-9393-4264-BB76-BE9A7BA907FD} = {EF0D1378-2D70-40FA-B190-9F760C75D222}
		{8C8D9DF8-9C4B-43C9-A892-5F45F3696E84} = {8D5AE22F-6ABF-4BC8-9B54-434ECB78A1F2}
		{C1FCB194-54AD-46A1-B0DB-EA86A0C3A4ED} = {F35C67CA-3A2C-40A5-9D21-EA941E0A4637}
		{FFE90D8C-BFBA-4DB0-885E-096B31E8AEFB} = {33D3DA24-BB35-470F-B61D-2DA7FE128150}
		{C5F64CB4-1FE9-4C94-A5A0-7F3BF2BE5604} = {33D3DA24-BB35-470F-B61D-2DA7FE128150}
		{0CF12CDC-C7E7-470C-A27C-E1286EFD7534} = {33D3DA24-BB35-470F-B61D-2DA7FE128150}
		{E1F1F384-4F6F-488E-BC63-DAFC967C7141} = {33D3DA24-BB35-470F-B61D-2DA7FE128150}
		{A5F64AAC-D08C-41BE-AB2E-6D4E7CAB373A} = {85FA4F4D-E4C7-4323-B02B-32E89F7A1727}
		{5394127F-E9D4-4C35-A98E-F9AA8E516F5D} = {A5F64AAC-D08C-41BE-AB2E-6D4E7CAB373A}
		{6ADB9A9F-BF44-4489-BCA8-E6F37897D80C} = {A5F64AAC-D08C-41BE-AB2E-6D4E7CAB373A}
		{E441BAFF-DC67-4D44-B750-6B793E89DAF5} = {D2BE50A0-BD98-4A58-BF11-D33E3B06B39F}
		{B1B6B9A8-E4E4-4F0B-8B77-4742A5FE9112} = {D2BE50A0-BD98-4A58-BF11-D33E3B06B39F}
		{6173EEF2-437C-49AC-B228-4C569C8E8D52} = {D2BE50A0-BD98-4A58-BF11-D33E3B06B39F}
		{28C47389-810F-4FB5-97C0-ACCCAFCCF5FF} = {B9458F80-83C4-46F1-93B7-90216C438778}
		{EBF2737E-A3F9-4861-999D-DFA6F9E34D6F} = {28C47389-810F-4FB5-97C0-ACCCAFCCF5FF}
		{61B7C010-7BA0-4D0D-8708-34F4780CC4D0} = {28C47389-810F-4FB5-97C0-ACCCAFCCF5FF}
		{8EC14338-77E7-4C13-BD34-98801BB2CC7F} = {B9458F80-83C4-46F1-93B7-90216C438778}
		{3816044A-8EFD-4101-8663-7683202ADF0D} = {8EC14338-77E7-4C13-BD34-98801BB2CC7F}
		{6D656389-7525-4A4E-8921-CFC9B711407F} = {B9458F80-83C4-46F1-93B7-90216C438778}
		{A9210FD1-18EB-4D7E-A8FA-91BE38E22B38} = {B9458F80-83C4-46F1-93B7-90216C438778}
		{BD2491FA-348C-46CF-B119-FFF463FDB676} = {4B538FC9-9393-4264-BB76-BE9A7BA907FD}
		{C8E16F69-33CD-4BA7-B941-A627BC940BDB} = {F9CAEEA8-9864-4F58-B848-B87E90EEA06A}
		{C01A34B0-B0D1-4C52-B17F-7605354F73B4} = {D2BE50A0-BD98-4A58-BF11-D33E3B06B39F}
		{956F58EE-8569-475E-9D94-864F908F8C00} = {D2BE50A0-BD98-4A58-BF11-D33E3B06B39F}
		{F4B8F3DF-A722-4508-81BD-B39322FAE5E4} = {D2BE50A0-BD98-4A58-BF11-D33E3B06B39F}
		{356B6946-EE29-4DD8-B914-FCF74FB1AD32} = {D2BE50A0-BD98-4A58-BF11-D33E3B06B39F}
		{01BCF8BD-E456-4B4E-82D1-1F97CF1E83EF} = {D2BE50A0-BD98-4A58-BF11-D33E3B06B39F}
		{020F6D15-0731-4EAA-943E-F30186E060A0} = {D2BE50A0-BD98-4A58-BF11-D33E3B06B39F}
		{1880BF15-7E79-4BA1-BA4B-82F3A9BF5643} = {D2BE50A0-BD98-4A58-BF11-D33E3B06B39F}
		{A799D0FA-4DBF-4405-98F0-D6F57A80E99F} = {D2BE50A0-BD98-4A58-BF11-D33E3B06B39F}
		{807514F8-C7F3-4A02-8088-C4BE01ECCF73} = {D2BE50A0-BD98-4A58-BF11-D33E3B06B39F}
		{A2E9BB56-6647-43EE-B78C-4B4AEE83D636} = {D2BE50A0-BD98-4A58-BF11-D33E3B06B39F}
		{EF73840C-31C9-472F-9F6A-11BAF52833D1} = {D2BE50A0-BD98-4A58-BF11-D33E3B06B39F}
		{F729915A-E860-474F-B2AB-BF8A3AE23BA9} = {D2BE50A0-BD98-4A58-BF11-D33E3B06B39F}
		{EBF0EFE0-2BD1-4D25-8275-CEEDD714B178} = {D2BE50A0-BD98-4A58-BF11-D33E3B06B39F}
		{93EA0BF2-B604-462D-89B1-F17D372F6C8B} = {D2BE50A0-BD98-4A58-BF11-D33E3B06B39F}
		{21514333-ECE0-4CD4-B12D-654B234D809D} = {D2BE50A0-BD98-4A58-BF11-D33E3B06B39F}
		{4650B1A6-6D36-467C-AAB2-3C2771633546} = {D2BE50A0-BD98-4A58-BF11-D33E3B06B39F}
		{0117B757-025D-4423-8B31-E1474F45EA06} = {D2BE50A0-BD98-4A58-BF11-D33E3B06B39F}
		{9DCAC5BB-7D45-483F-BC99-E73D946BC158} = {D2BE50A0-BD98-4A58-BF11-D33E3B06B39F}
		{287D0803-C796-4C67-BBBE-F069477AE1C0} = {D2BE50A0-BD98-4A58-BF11-D33E3B06B39F}
		{47EEE84B-3D88-42BB-B582-550757278B1B} = {D2BE50A0-BD98-4A58-BF11-D33E3B06B39F}
		{A8C4D381-F425-482C-A9DB-C795EC0AD327} = {D2BE50A0-BD98-4A58-BF11-D33E3B06B39F}
		{56853145-19DD-48F5-9C5C-BDB86913AC2A} = {1EEB3A74-F9D6-4D87-AB68-0A4D854DE6E3}
		{997404D1-DAA6-47DF-B6FD-1633BADE3E0B} = {1EEB3A74-F9D6-4D87-AB68-0A4D854DE6E3}
		{5479FDF0-4E06-4F2D-B464-C8F678FD84F3} = {1EEB3A74-F9D6-4D87-AB68-0A4D854DE6E3}
		{67A72A58-BF41-4209-9572-286E9424F3AF} = {1EEB3A74-F9D6-4D87-AB68-0A4D854DE6E3}
		{A31CFD4D-F7B4-4374-8311-27C09C4E9866} = {1EEB3A74-F9D6-4D87-AB68-0A4D854DE6E3}
		{4DEFC2B4-F14F-43BE-8A4D-1D6B5085C0E0} = {1EEB3A74-F9D6-4D87-AB68-0A4D854DE6E3}
		{C8E536D7-69CC-444E-A302-2363751ED807} = {1EEB3A74-F9D6-4D87-AB68-0A4D854DE6E3}
		{97D69502-3834-445B-8D96-8CB6E9CA6E73} = {1EEB3A74-F9D6-4D87-AB68-0A4D854DE6E3}
		{56CEAA56-7A23-40FF-ABA5-7D9769B44AA2} = {1EEB3A74-F9D6-4D87-AB68-0A4D854DE6E3}
		{2336D11A-BD7C-49D2-9CD7-CEC2D9830FA9} = {1EEB3A74-F9D6-4D87-AB68-0A4D854DE6E3}
		{AE2F75DF-8F3B-499E-B88C-0450E91536E4} = {1EEB3A74-F9D6-4D87-AB68-0A4D854DE6E3}
		{8835BE4E-2842-4195-AA6B-45B218047AE4} = {1EEB3A74-F9D6-4D87-AB68-0A4D854DE6E3}
		{C054C44E-7A51-43DE-A7EA-0EC66332083A} = {1EEB3A74-F9D6-4D87-AB68-0A4D854DE6E3}
		{0039E4CE-7A1F-4587-A5AA-5914ACD9CE8E} = {1EEB3A74-F9D6-4D87-AB68-0A4D854DE6E3}
		{7EEC6510-7155-48DF-9914-9B3D0688F03E} = {1EEB3A74-F9D6-4D87-AB68-0A4D854DE6E3}
		{D364E302-B06B-496C-B784-748862F4D341} = {1EEB3A74-F9D6-4D87-AB68-0A4D854DE6E3}
		{193477EB-27ED-4DE0-987D-DC437D42A6DF} = {1EEB3A74-F9D6-4D87-AB68-0A4D854DE6E3}
		{24C2D089-7EBA-4D01-BA74-9C9C3404E8CE} = {1EEB3A74-F9D6-4D87-AB68-0A4D854DE6E3}
		{D8BABB4B-910B-484D-968A-AEC88D94DB6B} = {1EEB3A74-F9D6-4D87-AB68-0A4D854DE6E3}
		{44A5C85D-AC43-4AA5-B8DD-88ADD197D962} = {1EEB3A74-F9D6-4D87-AB68-0A4D854DE6E3}
		{ABCF6EF9-A12B-4EB7-BC3B-C5FF4CD2AE91} = {1EEB3A74-F9D6-4D87-AB68-0A4D854DE6E3}
		{6D31A9AF-1B53-4576-8BD6-C1C3E4CDF629} = {1EEB3A74-F9D6-4D87-AB68-0A4D854DE6E3}
		{F9C1CEE6-592D-4AC9-AB4C-9E68B79169D3} = {1EEB3A74-F9D6-4D87-AB68-0A4D854DE6E3}
		{03B1D09D-50DC-4B04-AA7B-FA7313135FD7} = {1EEB3A74-F9D6-4D87-AB68-0A4D854DE6E3}
		{45478E4A-E75D-47EA-BFA1-9CF1F6505882} = {210EC410-82F6-4636-AD43-6A0985A1C371}
		{F5E30B54-5AA6-42EB-A3A4-2EA5C78BD9D2} = {45478E4A-E75D-47EA-BFA1-9CF1F6505882}
		{2A2EA8EA-9377-4A6B-93A4-4F4DD444BA2A} = {45478E4A-E75D-47EA-BFA1-9CF1F6505882}
		{E8AC57B5-1E38-46DB-B8E0-64FE6B5478E6} = {45478E4A-E75D-47EA-BFA1-9CF1F6505882}
		{D2271432-7648-4160-B3CF-6ED3A429DFAA} = {210EC410-82F6-4636-AD43-6A0985A1C371}
		{9FE514B2-6073-4B9D-B5D5-FAB80FB239BB} = {D2271432-7648-4160-B3CF-6ED3A429DFAA}
		{1F3BA111-0CEF-4A31-AE13-CA7A4BC6018A} = {D2271432-7648-4160-B3CF-6ED3A429DFAA}
		{EF111E13-2459-41FA-87F8-14BE23837899} = {D2271432-7648-4160-B3CF-6ED3A429DFAA}
		{576A0153-FB55-4A37-AA14-5C754B0FE07E} = {210EC410-82F6-4636-AD43-6A0985A1C371}
		{C2EC8332-6FAF-4CDA-86C8-854D7EF42F5D} = {576A0153-FB55-4A37-AA14-5C754B0FE07E}
		{8DFBDA3C-E3EE-4757-AD3D-E84FAC87543E} = {576A0153-FB55-4A37-AA14-5C754B0FE07E}
		{F9F0C911-D445-46F5-A8C8-3CD51E7C600D} = {576A0153-FB55-4A37-AA14-5C754B0FE07E}
		{6C6CC3A4-68C3-49B2-9977-32631D1BDE29} = {23F62965-2FE9-4C84-A822-D8546C808189}
		{D609B814-D1DA-4D5F-80BE-1EBEABC1ACEE} = {23F62965-2FE9-4C84-A822-D8546C808189}
		{72CD86C1-8335-4134-B889-005A4B99BBD5} = {23F62965-2FE9-4C84-A822-D8546C808189}
		{F8725FA0-5314-4609-A9E8-4AED5B5CA101} = {94F32B60-B5A7-450C-A7A7-04E48BECDC9D}
		{4D8B893C-C4AA-4D5C-BDD7-A1DC46BED081} = {94F32B60-B5A7-450C-A7A7-04E48BECDC9D}
		{1AA143D9-AF01-4E4C-914A-36E0A0AE58B0} = {8C8D9DF8-9C4B-43C9-A892-5F45F3696E84}
		{2ADB402E-0278-4307-9B58-E626ABF32F58} = {8C8D9DF8-9C4B-43C9-A892-5F45F3696E84}
		{346D351A-D80B-4DDF-9435-6FE8BB006931} = {08F8BC33-6FCA-4DB9-AB20-09D04C75A6C6}
		{A4375BE8-8CB7-4240-A24A-891857ABA5E9} = {D2BE50A0-BD98-4A58-BF11-D33E3B06B39F}
		{4DBEE8EE-B119-4354-90E0-25809B8222DF} = {1EEB3A74-F9D6-4D87-AB68-0A4D854DE6E3}
	EndGlobalSection
EndGlobal
