<Solution>
  <Folder Name="/docs/" />
  <Folder Name="/src/" />
  <Folder Name="/src/apps/" />
  <Folder Name="/src/apps/astar-dev-onedrive-client/">
    <Project Path="src/apps/AStar.Dev.OneDrive.Client/AStar.Dev.OneDrive.Client.csproj" />
  </Folder>
  <Folder Name="/src/apps/astar-dev-onedrive-sync-client-v2/">
  </Folder>
  <Folder Name="/src/apps/astar-dev-onedrive-sync-client/">
  </Folder>
  <Folder Name="/src/libs/">
    <Project Path="src/libs/AStar.Dev.Utilities/AStar.Dev.Utilities.csproj" />
  </Folder>
  <Folder Name="/src/web/" />
  <Folder Name="/tests/">
    <Folder Name="apps/astar-dev-onedrive-client/">
    </Folder>
    <Folder Name="apps/astar-dev-onedrive-sync-client/">
    </Folder>
    <Folder Name="apps/astar-dev-onedrive-sync-client-v2/">
    </Folder>
    <Folder Name="libs/">
    </Folder>
    <Folder Name="web/">
    </Folder>
  </Folder>
  <Folder Name="/tests/apps/" />
  <Folder Name="/tests/apps/astar-dev-onedrive-client/">
    <Project Path="tests/apps/AStar.Dev.OneDrive.Client.Tests.Unit/AStar.Dev.OneDrive.Client.Tests.Unit.csproj" />
  </Folder>
  <Folder Name="/tests/apps/astar-dev-onedrive-sync-client-v2/">
  </Folder>
  <Folder Name="/tests/apps/astar-dev-onedrive-sync-client/">
  </Folder>
  <Folder Name="/tests/libs/">
    <Project Path="tests/libs/AStar.Dev.Utilities.Tests.Unit/AStar.Dev.Utilities.Tests.Unit.csproj" />
  </Folder>
  <Folder Name="/tests/web/" />
  <Folder Name="/_solution folder/">
    <File Path="CODE_OF_CONDUCT.md" />
    <File Path="CONTRIBUTING.md" />
    <File Path="delete.md" />
    <File Path="PROJECTREFERENCE_ANALYSIS.md" />
    <File Path="README.md" />
    <File Path="SECURITY.md" />
  </Folder>
</Solution>
