
Microsoft Visual Studio Solution File, Format Version 12.00
Project("{FAE04EC0-301F-11D3-BF4B-00C04F79EFBC}") = "AStar.Dev.AppHost", "src\_aspire\AStar.Dev.AppHost\AStar.Dev.AppHost.csproj", "{95CA9F54-6C9B-4394-B949-4899A4D815E5}"
EndProject
Project("{FAE04EC0-301F-11D3-BF4B-00C04F79EFBC}") = "AStar.Dev.ServiceDefaults", "src\_aspire\AStar.Dev.ServiceDefaults\AStar.Dev.ServiceDefaults.csproj", "{E4A8A101-E7A4-4938-B634-5F691D9AF6E8}"
EndProject
Project("{2150E333-8FDC-42A3-9474-1A3956D46DE8}") = "Solution Items", "Solution Items", "{08F8BC33-6FCA-4DB9-AB20-09D04C75A6C6}"
EndProject
Project("{2150E333-8FDC-42A3-9474-1A3956D46DE8}") = "src", "src", "{EF0D1378-2D70-40FA-B190-9F760C75D222}"
EndProject
Project("{2150E333-8FDC-42A3-9474-1A3956D46DE8}") = "tests", "tests", "{8D5AE22F-6ABF-4BC8-9B54-434ECB78A1F2}"
EndProject
Project("{2150E333-8FDC-42A3-9474-1A3956D46DE8}") = "_aspire", "_aspire", "{F9CAEEA8-9864-4F58-B848-B87E90EEA06A}"
EndProject
Project("{2150E333-8FDC-42A3-9474-1A3956D46DE8}") = "apis", "apis", "{33D3DA24-BB35-470F-B61D-2DA7FE128150}"
EndProject
Project("{2150E333-8FDC-42A3-9474-1A3956D46DE8}") = "console-applications", "console-applications", "{85FA4F4D-E4C7-4323-B02B-32E89F7A1727}"
EndProject
Project("{2150E333-8FDC-42A3-9474-1A3956D46DE8}") = "console-applications", "console-applications", "{23F62965-2FE9-4C84-A822-D8546C808189}"
EndProject
Project("{2150E333-8FDC-42A3-9474-1A3956D46DE8}") = "apis", "apis", "{210EC410-82F6-4636-AD43-6A0985A1C371}"
EndProject
Project("{2150E333-8FDC-42A3-9474-1A3956D46DE8}") = "nuget-packages", "nuget-packages", "{D2BE50A0-BD98-4A58-BF11-D33E3B06B39F}"
EndProject
Project("{2150E333-8FDC-42A3-9474-1A3956D46DE8}") = "nuget-packages", "nuget-packages", "{1EEB3A74-F9D6-4D87-AB68-0A4D854DE6E3}"
EndProject
Project("{2150E333-8FDC-42A3-9474-1A3956D46DE8}") = "_aspire", "_aspire", "{BCE7ABAF-843F-4325-9572-4DBF45267935}"
EndProject
Project("{2150E333-8FDC-42A3-9474-1A3956D46DE8}") = "services", "services", "{B9458F80-83C4-46F1-93B7-90216C438778}"
EndProject
Project("{2150E333-8FDC-42A3-9474-1A3956D46DE8}") = "services", "services", "{94F32B60-B5A7-450C-A7A7-04E48BECDC9D}"
EndProject
Project("{2150E333-8FDC-42A3-9474-1A3956D46DE8}") = "uis", "uis", "{4B538FC9-9393-4264-BB76-BE9A7BA907FD}"
EndProject
Project("{2150E333-8FDC-42A3-9474-1A3956D46DE8}") = "uis", "uis", "{8C8D9DF8-9C4B-43C9-A892-5F45F3696E84}"
EndProject
Project("{2150E333-8FDC-42A3-9474-1A3956D46DE8}") = ".github", ".github", "{F35C67CA-3A2C-40A5-9D21-EA941E0A4637}"
	ProjectSection(SolutionItems) = preProject
		.github\dependabot.yml = .github\dependabot.yml
	EndProjectSection
EndProject
Project("{2150E333-8FDC-42A3-9474-1A3956D46DE8}") = "workflows", "workflows", "{C1FCB194-54AD-46A1-B0DB-EA86A0C3A4ED}"
	ProjectSection(SolutionItems) = preProject
		.github\workflows\main_astar-dev.yml = .github\workflows\main_astar-dev.yml
	EndProjectSection
EndProject
Project("{FAE04EC0-301F-11D3-BF4B-00C04F79EFBC}") = "AStar.Dev.Admin.Api", "src\apis\AStar.Dev.Admin.Api\AStar.Dev.Admin.Api.csproj", "{FFE90D8C-BFBA-4DB0-885E-096B31E8AEFB}"
EndProject
Project("{FAE04EC0-301F-11D3-BF4B-00C04F79EFBC}") = "AStar.Dev.Files.Api", "src\apis\AStar.Dev.Files.Api\AStar.Dev.Files.Api.csproj", "{C5F64CB4-1FE9-4C94-A5A0-7F3BF2BE5604}"
EndProject
Project("{FAE04EC0-301F-11D3-BF4B-00C04F79EFBC}") = "AStar.Dev.Images.Api", "src\apis\AStar.Dev.Images.Api\AStar.Dev.Images.Api.csproj", "{0CF12CDC-C7E7-470C-A27C-E1286EFD7534}"
EndProject
Project("{FAE04EC0-301F-11D3-BF4B-00C04F79EFBC}") = "AStar.Dev.ToDo.Api", "src\apis\AStar.Dev.ToDo.Api\AStar.Dev.ToDo.Api.csproj", "{E1F1F384-4F6F-488E-BC63-DAFC967C7141}"
EndProject
Project("{2150E333-8FDC-42A3-9474-1A3956D46DE8}") = "astar-dev-backupapp", "astar-dev-backupapp", "{A5F64AAC-D08C-41BE-AB2E-6D4E7CAB373A}"
EndProject
Project("{FAE04EC0-301F-11D3-BF4B-00C04F79EFBC}") = "AStar.Dev.BackupApp", "src\console-applications\astar-dev-backupapp\AStar.Dev.BackupApp\AStar.Dev.BackupApp.csproj", "{5394127F-E9D4-4C35-A98E-F9AA8E516F5D}"
EndProject
Project("{FAE04EC0-301F-11D3-BF4B-00C04F79EFBC}") = "AStar.Dev.BackupApp.Core", "src\console-applications\astar-dev-backupapp\AStar.Dev.BackupApp.Core\AStar.Dev.BackupApp.Core.csproj", "{6ADB9A9F-BF44-4489-BCA8-E6F37897D80C}"
EndProject
Project("{FAE04EC0-301F-11D3-BF4B-00C04F79EFBC}") = "AStar.Dev.Admin.Api.Client.Sdk", "src\nuget-packages\AStar.Dev.Admin.Api.Client.Sdk\AStar.Dev.Admin.Api.Client.Sdk.csproj", "{E441BAFF-DC67-4D44-B750-6B793E89DAF5}"
EndProject
Project("{FAE04EC0-301F-11D3-BF4B-00C04F79EFBC}") = "AStar.Dev.Api.Client.Sdk.Shared", "src\nuget-packages\AStar.Dev.Api.Client.Sdk.Shared\AStar.Dev.Api.Client.Sdk.Shared.csproj", "{B1B6B9A8-E4E4-4F0B-8B77-4742A5FE9112}"
EndProject
Project("{FAE04EC0-301F-11D3-BF4B-00C04F79EFBC}") = "AStar.Dev.Api.HealthChecks", "src\nuget-packages\AStar.Dev.Api.HealthChecks\AStar.Dev.Api.HealthChecks.csproj", "{6173EEF2-437C-49AC-B228-4C569C8E8D52}"
EndProject
Project("{2150E333-8FDC-42A3-9474-1A3956D46DE8}") = "astar-dev-database-updater", "astar-dev-database-updater", "{28C47389-810F-4FB5-97C0-ACCCAFCCF5FF}"
EndProject
Project("{FAE04EC0-301F-11D3-BF4B-00C04F79EFBC}") = "AStar.Dev.Database.Updater", "src\services\astar-dev-database-updater\AStar.Dev.Database.Updater\AStar.Dev.Database.Updater.csproj", "{EBF2737E-A3F9-4861-999D-DFA6F9E34D6F}"
EndProject
Project("{FAE04EC0-301F-11D3-BF4B-00C04F79EFBC}") = "AStar.Dev.Database.Updater.Core", "src\services\astar-dev-database-updater\AStar.Dev.Database.Updater.Core\AStar.Dev.Database.Updater.Core.csproj", "{61B7C010-7BA0-4D0D-8708-34F4780CC4D0}"
EndProject
Project("{2150E333-8FDC-42A3-9474-1A3956D46DE8}") = "migrations", "migrations", "{8EC14338-77E7-4C13-BD34-98801BB2CC7F}"
EndProject
Project("{FAE04EC0-301F-11D3-BF4B-00C04F79EFBC}") = "AStar.Dev.FilesDb.MigrationService", "src\services\migrations\AStar.Dev.FilesDb.MigrationService\AStar.Dev.FilesDb.MigrationService.csproj", "{3816044A-8EFD-4101-8663-7683202ADF0D}"
EndProject
Project("{FAE04EC0-301F-11D3-BF4B-00C04F79EFBC}") = "AStar.Dev.Usage.Logger", "src\services\AStar.Dev.Usage.Logger\AStar.Dev.Usage.Logger.csproj", "{6D656389-7525-4A4E-8921-CFC9B711407F}"
EndProject
Project("{FAE04EC0-301F-11D3-BF4B-00C04F79EFBC}") = "AStar.Dev.Wallpaper.Scrapper", "src\services\AStar.Dev.Wallpaper.Scrapper\AStar.Dev.Wallpaper.Scrapper.csproj", "{A9210FD1-18EB-4D7E-A8FA-91BE38E22B38}"
EndProject
Project("{FAE04EC0-301F-11D3-BF4B-00C04F79EFBC}") = "AStar.Dev.Web", "src\uis\AStar.Dev.Web\AStar.Dev.Web.csproj", "{BD2491FA-348C-46CF-B119-FFF463FDB676}"
EndProject
Project("{FAE04EC0-301F-11D3-BF4B-00C04F79EFBC}") = "AStar.Dev.Aspire.Common", "src\_aspire\AStar.Dev.Aspire.Common\AStar.Dev.Aspire.Common.csproj", "{C8E16F69-33CD-4BA7-B941-A627BC940BDB}"
EndProject
Global
	GlobalSection(SolutionConfigurationPlatforms) = preSolution
		Debug|Any CPU = Debug|Any CPU
		Release|Any CPU = Release|Any CPU
	EndGlobalSection
	GlobalSection(ProjectConfigurationPlatforms) = postSolution
		{95CA9F54-6C9B-4394-B949-4899A4D815E5}.Debug|Any CPU.ActiveCfg = Debug|Any CPU
		{95CA9F54-6C9B-4394-B949-4899A4D815E5}.Debug|Any CPU.Build.0 = Debug|Any CPU
		{95CA9F54-6C9B-4394-B949-4899A4D815E5}.Release|Any CPU.ActiveCfg = Release|Any CPU
		{95CA9F54-6C9B-4394-B949-4899A4D815E5}.Release|Any CPU.Build.0 = Release|Any CPU
		{E4A8A101-E7A4-4938-B634-5F691D9AF6E8}.Debug|Any CPU.ActiveCfg = Debug|Any CPU
		{E4A8A101-E7A4-4938-B634-5F691D9AF6E8}.Debug|Any CPU.Build.0 = Debug|Any CPU
		{E4A8A101-E7A4-4938-B634-5F691D9AF6E8}.Release|Any CPU.ActiveCfg = Release|Any CPU
		{E4A8A101-E7A4-4938-B634-5F691D9AF6E8}.Release|Any CPU.Build.0 = Release|Any CPU
		{FFE90D8C-BFBA-4DB0-885E-096B31E8AEFB}.Debug|Any CPU.ActiveCfg = Debug|Any CPU
		{FFE90D8C-BFBA-4DB0-885E-096B31E8AEFB}.Debug|Any CPU.Build.0 = Debug|Any CPU
		{FFE90D8C-BFBA-4DB0-885E-096B31E8AEFB}.Release|Any CPU.ActiveCfg = Release|Any CPU
		{FFE90D8C-BFBA-4DB0-885E-096B31E8AEFB}.Release|Any CPU.Build.0 = Release|Any CPU
		{C5F64CB4-1FE9-4C94-A5A0-7F3BF2BE5604}.Debug|Any CPU.ActiveCfg = Debug|Any CPU
		{C5F64CB4-1FE9-4C94-A5A0-7F3BF2BE5604}.Debug|Any CPU.Build.0 = Debug|Any CPU
		{C5F64CB4-1FE9-4C94-A5A0-7F3BF2BE5604}.Release|Any CPU.ActiveCfg = Release|Any CPU
		{C5F64CB4-1FE9-4C94-A5A0-7F3BF2BE5604}.Release|Any CPU.Build.0 = Release|Any CPU
		{0CF12CDC-C7E7-470C-A27C-E1286EFD7534}.Debug|Any CPU.ActiveCfg = Debug|Any CPU
		{0CF12CDC-C7E7-470C-A27C-E1286EFD7534}.Debug|Any CPU.Build.0 = Debug|Any CPU
		{0CF12CDC-C7E7-470C-A27C-E1286EFD7534}.Release|Any CPU.ActiveCfg = Release|Any CPU
		{0CF12CDC-C7E7-470C-A27C-E1286EFD7534}.Release|Any CPU.Build.0 = Release|Any CPU
		{E1F1F384-4F6F-488E-BC63-DAFC967C7141}.Debug|Any CPU.ActiveCfg = Debug|Any CPU
		{E1F1F384-4F6F-488E-BC63-DAFC967C7141}.Debug|Any CPU.Build.0 = Debug|Any CPU
		{E1F1F384-4F6F-488E-BC63-DAFC967C7141}.Release|Any CPU.ActiveCfg = Release|Any CPU
		{E1F1F384-4F6F-488E-BC63-DAFC967C7141}.Release|Any CPU.Build.0 = Release|Any CPU
		{5394127F-E9D4-4C35-A98E-F9AA8E516F5D}.Debug|Any CPU.ActiveCfg = Debug|Any CPU
		{5394127F-E9D4-4C35-A98E-F9AA8E516F5D}.Debug|Any CPU.Build.0 = Debug|Any CPU
		{5394127F-E9D4-4C35-A98E-F9AA8E516F5D}.Release|Any CPU.ActiveCfg = Release|Any CPU
		{5394127F-E9D4-4C35-A98E-F9AA8E516F5D}.Release|Any CPU.Build.0 = Release|Any CPU
		{6ADB9A9F-BF44-4489-BCA8-E6F37897D80C}.Debug|Any CPU.ActiveCfg = Debug|Any CPU
		{6ADB9A9F-BF44-4489-BCA8-E6F37897D80C}.Debug|Any CPU.Build.0 = Debug|Any CPU
		{6ADB9A9F-BF44-4489-BCA8-E6F37897D80C}.Release|Any CPU.ActiveCfg = Release|Any CPU
		{6ADB9A9F-BF44-4489-BCA8-E6F37897D80C}.Release|Any CPU.Build.0 = Release|Any CPU
		{E441BAFF-DC67-4D44-B750-6B793E89DAF5}.Debug|Any CPU.ActiveCfg = Debug|Any CPU
		{E441BAFF-DC67-4D44-B750-6B793E89DAF5}.Debug|Any CPU.Build.0 = Debug|Any CPU
		{E441BAFF-DC67-4D44-B750-6B793E89DAF5}.Release|Any CPU.ActiveCfg = Release|Any CPU
		{E441BAFF-DC67-4D44-B750-6B793E89DAF5}.Release|Any CPU.Build.0 = Release|Any CPU
		{B1B6B9A8-E4E4-4F0B-8B77-4742A5FE9112}.Debug|Any CPU.ActiveCfg = Debug|Any CPU
		{B1B6B9A8-E4E4-4F0B-8B77-4742A5FE9112}.Debug|Any CPU.Build.0 = Debug|Any CPU
		{B1B6B9A8-E4E4-4F0B-8B77-4742A5FE9112}.Release|Any CPU.ActiveCfg = Release|Any CPU
		{B1B6B9A8-E4E4-4F0B-8B77-4742A5FE9112}.Release|Any CPU.Build.0 = Release|Any CPU
		{6173EEF2-437C-49AC-B228-4C569C8E8D52}.Debug|Any CPU.ActiveCfg = Debug|Any CPU
		{6173EEF2-437C-49AC-B228-4C569C8E8D52}.Debug|Any CPU.Build.0 = Debug|Any CPU
		{6173EEF2-437C-49AC-B228-4C569C8E8D52}.Release|Any CPU.ActiveCfg = Release|Any CPU
		{6173EEF2-437C-49AC-B228-4C569C8E8D52}.Release|Any CPU.Build.0 = Release|Any CPU
		{EBF2737E-A3F9-4861-999D-DFA6F9E34D6F}.Debug|Any CPU.ActiveCfg = Debug|Any CPU
		{EBF2737E-A3F9-4861-999D-DFA6F9E34D6F}.Debug|Any CPU.Build.0 = Debug|Any CPU
		{EBF2737E-A3F9-4861-999D-DFA6F9E34D6F}.Release|Any CPU.ActiveCfg = Release|Any CPU
		{EBF2737E-A3F9-4861-999D-DFA6F9E34D6F}.Release|Any CPU.Build.0 = Release|Any CPU
		{61B7C010-7BA0-4D0D-8708-34F4780CC4D0}.Debug|Any CPU.ActiveCfg = Debug|Any CPU
		{61B7C010-7BA0-4D0D-8708-34F4780CC4D0}.Debug|Any CPU.Build.0 = Debug|Any CPU
		{61B7C010-7BA0-4D0D-8708-34F4780CC4D0}.Release|Any CPU.ActiveCfg = Release|Any CPU
		{61B7C010-7BA0-4D0D-8708-34F4780CC4D0}.Release|Any CPU.Build.0 = Release|Any CPU
		{3816044A-8EFD-4101-8663-7683202ADF0D}.Debug|Any CPU.ActiveCfg = Debug|Any CPU
		{3816044A-8EFD-4101-8663-7683202ADF0D}.Debug|Any CPU.Build.0 = Debug|Any CPU
		{3816044A-8EFD-4101-8663-7683202ADF0D}.Release|Any CPU.ActiveCfg = Release|Any CPU
		{3816044A-8EFD-4101-8663-7683202ADF0D}.Release|Any CPU.Build.0 = Release|Any CPU
		{6D656389-7525-4A4E-8921-CFC9B711407F}.Debug|Any CPU.ActiveCfg = Debug|Any CPU
		{6D656389-7525-4A4E-8921-CFC9B711407F}.Debug|Any CPU.Build.0 = Debug|Any CPU
		{6D656389-7525-4A4E-8921-CFC9B711407F}.Release|Any CPU.ActiveCfg = Release|Any CPU
		{6D656389-7525-4A4E-8921-CFC9B711407F}.Release|Any CPU.Build.0 = Release|Any CPU
		{A9210FD1-18EB-4D7E-A8FA-91BE38E22B38}.Debug|Any CPU.ActiveCfg = Debug|Any CPU
		{A9210FD1-18EB-4D7E-A8FA-91BE38E22B38}.Debug|Any CPU.Build.0 = Debug|Any CPU
		{A9210FD1-18EB-4D7E-A8FA-91BE38E22B38}.Release|Any CPU.ActiveCfg = Release|Any CPU
		{A9210FD1-18EB-4D7E-A8FA-91BE38E22B38}.Release|Any CPU.Build.0 = Release|Any CPU
		{BD2491FA-348C-46CF-B119-FFF463FDB676}.Debug|Any CPU.ActiveCfg = Debug|Any CPU
		{BD2491FA-348C-46CF-B119-FFF463FDB676}.Debug|Any CPU.Build.0 = Debug|Any CPU
		{BD2491FA-348C-46CF-B119-FFF463FDB676}.Release|Any CPU.ActiveCfg = Release|Any CPU
		{BD2491FA-348C-46CF-B119-FFF463FDB676}.Release|Any CPU.Build.0 = Release|Any CPU
		{C8E16F69-33CD-4BA7-B941-A627BC940BDB}.Debug|Any CPU.ActiveCfg = Debug|Any CPU
		{C8E16F69-33CD-4BA7-B941-A627BC940BDB}.Debug|Any CPU.Build.0 = Debug|Any CPU
		{C8E16F69-33CD-4BA7-B941-A627BC940BDB}.Release|Any CPU.ActiveCfg = Release|Any CPU
		{C8E16F69-33CD-4BA7-B941-A627BC940BDB}.Release|Any CPU.Build.0 = Release|Any CPU
	EndGlobalSection
	GlobalSection(NestedProjects) = preSolution
		{F9CAEEA8-9864-4F58-B848-B87E90EEA06A} = {EF0D1378-2D70-40FA-B190-9F760C75D222}
		{95CA9F54-6C9B-4394-B949-4899A4D815E5} = {F9CAEEA8-9864-4F58-B848-B87E90EEA06A}
		{E4A8A101-E7A4-4938-B634-5F691D9AF6E8} = {F9CAEEA8-9864-4F58-B848-B87E90EEA06A}
		{33D3DA24-BB35-470F-B61D-2DA7FE128150} = {EF0D1378-2D70-40FA-B190-9F760C75D222}
		{85FA4F4D-E4C7-4323-B02B-32E89F7A1727} = {EF0D1378-2D70-40FA-B190-9F760C75D222}
		{23F62965-2FE9-4C84-A822-D8546C808189} = {8D5AE22F-6ABF-4BC8-9B54-434ECB78A1F2}
		{210EC410-82F6-4636-AD43-6A0985A1C371} = {8D5AE22F-6ABF-4BC8-9B54-434ECB78A1F2}
		{D2BE50A0-BD98-4A58-BF11-D33E3B06B39F} = {EF0D1378-2D70-40FA-B190-9F760C75D222}
		{1EEB3A74-F9D6-4D87-AB68-0A4D854DE6E3} = {8D5AE22F-6ABF-4BC8-9B54-434ECB78A1F2}
		{BCE7ABAF-843F-4325-9572-4DBF45267935} = {8D5AE22F-6ABF-4BC8-9B54-434ECB78A1F2}
		{B9458F80-83C4-46F1-93B7-90216C438778} = {EF0D1378-2D70-40FA-B190-9F760C75D222}
		{94F32B60-B5A7-450C-A7A7-04E48BECDC9D} = {8D5AE22F-6ABF-4BC8-9B54-434ECB78A1F2}
		{4B538FC9-9393-4264-BB76-BE9A7BA907FD} = {EF0D1378-2D70-40FA-B190-9F760C75D222}
		{8C8D9DF8-9C4B-43C9-A892-5F45F3696E84} = {8D5AE22F-6ABF-4BC8-9B54-434ECB78A1F2}
		{C1FCB194-54AD-46A1-B0DB-EA86A0C3A4ED} = {F35C67CA-3A2C-40A5-9D21-EA941E0A4637}
		{FFE90D8C-BFBA-4DB0-885E-096B31E8AEFB} = {33D3DA24-BB35-470F-B61D-2DA7FE128150}
		{C5F64CB4-1FE9-4C94-A5A0-7F3BF2BE5604} = {33D3DA24-BB35-470F-B61D-2DA7FE128150}
		{0CF12CDC-C7E7-470C-A27C-E1286EFD7534} = {33D3DA24-BB35-470F-B61D-2DA7FE128150}
		{E1F1F384-4F6F-488E-BC63-DAFC967C7141} = {33D3DA24-BB35-470F-B61D-2DA7FE128150}
		{A5F64AAC-D08C-41BE-AB2E-6D4E7CAB373A} = {85FA4F4D-E4C7-4323-B02B-32E89F7A1727}
		{5394127F-E9D4-4C35-A98E-F9AA8E516F5D} = {A5F64AAC-D08C-41BE-AB2E-6D4E7CAB373A}
		{6ADB9A9F-BF44-4489-BCA8-E6F37897D80C} = {A5F64AAC-D08C-41BE-AB2E-6D4E7CAB373A}
		{E441BAFF-DC67-4D44-B750-6B793E89DAF5} = {D2BE50A0-BD98-4A58-BF11-D33E3B06B39F}
		{B1B6B9A8-E4E4-4F0B-8B77-4742A5FE9112} = {D2BE50A0-BD98-4A58-BF11-D33E3B06B39F}
		{6173EEF2-437C-49AC-B228-4C569C8E8D52} = {D2BE50A0-BD98-4A58-BF11-D33E3B06B39F}
		{28C47389-810F-4FB5-97C0-ACCCAFCCF5FF} = {B9458F80-83C4-46F1-93B7-90216C438778}
		{EBF2737E-A3F9-4861-999D-DFA6F9E34D6F} = {28C47389-810F-4FB5-97C0-ACCCAFCCF5FF}
		{61B7C010-7BA0-4D0D-8708-34F4780CC4D0} = {28C47389-810F-4FB5-97C0-ACCCAFCCF5FF}
		{8EC14338-77E7-4C13-BD34-98801BB2CC7F} = {B9458F80-83C4-46F1-93B7-90216C438778}
		{3816044A-8EFD-4101-8663-7683202ADF0D} = {8EC14338-77E7-4C13-BD34-98801BB2CC7F}
		{6D656389-7525-4A4E-8921-CFC9B711407F} = {B9458F80-83C4-46F1-93B7-90216C438778}
		{A9210FD1-18EB-4D7E-A8FA-91BE38E22B38} = {B9458F80-83C4-46F1-93B7-90216C438778}
		{BD2491FA-348C-46CF-B119-FFF463FDB676} = {4B538FC9-9393-4264-BB76-BE9A7BA907FD}
		{C8E16F69-33CD-4BA7-B941-A627BC940BDB} = {F9CAEEA8-9864-4F58-B848-B87E90EEA06A}
	EndGlobalSection
EndGlobal
